// !$*UTF8*$!
{
	archiveVersion = 1;
	classes = {
	};
	objectVersion = 46;
	objects = {

/* Begin PBXAggregateTarget section */
		4110A5311F3C30A800EBA5F1 /* YDBluetoothWebBridgeCreate */ = {
			isa = PBXAggregateTarget;
			buildConfigurationList = 4110A5321F3C30A800EBA5F1 /* Build configuration list for PBXAggregateTarget "YDBluetoothWebBridgeCreate" */;
			buildPhases = (
				4110A5371F3C30B900EBA5F1 /* ShellScript */,
			);
			dependencies = (
				4110A5361F3C30B600EBA5F1 /* PBXTargetDependency */,
			);
			name = YDBluetoothWebBridgeCreate;
			productName = YDBluetoothWebBridgeCreate;
		};
/* End PBXAggregateTarget section */

/* Begin PBXBuildFile section */
		4110A4041F3C2F1C00EBA5F1 /* YDBluetoothWebBridge.h in Headers */ = {isa = PBXBuildFile; fileRef = 4110A4021F3C2F1C00EBA5F1 /* YDBluetoothWebBridge.h */; settings = {ATTRIBUTES = (Public, ); }; };
		4110A41D1F3C2F6200EBA5F1 /* BabyBluetooth.h in Headers */ = {isa = PBXBuildFile; fileRef = 4110A40B1F3C2F6200EBA5F1 /* BabyBluetooth.h */; };
		4110A41F1F3C2F6200EBA5F1 /* BabyCallback.h in Headers */ = {isa = PBXBuildFile; fileRef = 4110A40D1F3C2F6200EBA5F1 /* BabyCallback.h */; };
		4110A4211F3C2F6200EBA5F1 /* BabyCentralManager.h in Headers */ = {isa = PBXBuildFile; fileRef = 4110A40F1F3C2F6200EBA5F1 /* BabyCentralManager.h */; };
		4110A4231F3C2F6200EBA5F1 /* BabyDefine.h in Headers */ = {isa = PBXBuildFile; fileRef = 4110A4111F3C2F6200EBA5F1 /* BabyDefine.h */; };
		4110A4251F3C2F6200EBA5F1 /* BabyOptions.h in Headers */ = {isa = PBXBuildFile; fileRef = 4110A4131F3C2F6200EBA5F1 /* BabyOptions.h */; };
		4110A4271F3C2F6200EBA5F1 /* BabyPeripheralManager.h in Headers */ = {isa = PBXBuildFile; fileRef = 4110A4151F3C2F6200EBA5F1 /* BabyPeripheralManager.h */; };
		4110A4291F3C2F6200EBA5F1 /* BabyRhythm.h in Headers */ = {isa = PBXBuildFile; fileRef = 4110A4171F3C2F6200EBA5F1 /* BabyRhythm.h */; };
		4110A42B1F3C2F6200EBA5F1 /* BabySpeaker.h in Headers */ = {isa = PBXBuildFile; fileRef = 4110A4191F3C2F6200EBA5F1 /* BabySpeaker.h */; };
		4110A42D1F3C2F6200EBA5F1 /* BabyToy.h in Headers */ = {isa = PBXBuildFile; fileRef = 4110A41B1F3C2F6200EBA5F1 /* BabyToy.h */; };
		4110A4491F3C2F6C00EBA5F1 /* MASCompositeConstraint.h in Headers */ = {isa = PBXBuildFile; fileRef = 4110A4301F3C2F6C00EBA5F1 /* MASCompositeConstraint.h */; };
		4110A44B1F3C2F6C00EBA5F1 /* MASConstraint+Private.h in Headers */ = {isa = PBXBuildFile; fileRef = 4110A4321F3C2F6C00EBA5F1 /* MASConstraint+Private.h */; };
		4110A44C1F3C2F6C00EBA5F1 /* MASConstraint.h in Headers */ = {isa = PBXBuildFile; fileRef = 4110A4331F3C2F6C00EBA5F1 /* MASConstraint.h */; };
		4110A44E1F3C2F6C00EBA5F1 /* MASConstraintMaker.h in Headers */ = {isa = PBXBuildFile; fileRef = 4110A4351F3C2F6C00EBA5F1 /* MASConstraintMaker.h */; };
		4110A4501F3C2F6C00EBA5F1 /* MASLayoutConstraint.h in Headers */ = {isa = PBXBuildFile; fileRef = 4110A4371F3C2F6C00EBA5F1 /* MASLayoutConstraint.h */; };
		4110A4521F3C2F6C00EBA5F1 /* Masonry.h in Headers */ = {isa = PBXBuildFile; fileRef = 4110A4391F3C2F6C00EBA5F1 /* Masonry.h */; };
		4110A4531F3C2F6C00EBA5F1 /* MASUtilities.h in Headers */ = {isa = PBXBuildFile; fileRef = 4110A43A1F3C2F6C00EBA5F1 /* MASUtilities.h */; };
		4110A4541F3C2F6C00EBA5F1 /* MASViewAttribute.h in Headers */ = {isa = PBXBuildFile; fileRef = 4110A43B1F3C2F6C00EBA5F1 /* MASViewAttribute.h */; };
		4110A4561F3C2F6C00EBA5F1 /* MASViewConstraint.h in Headers */ = {isa = PBXBuildFile; fileRef = 4110A43D1F3C2F6C00EBA5F1 /* MASViewConstraint.h */; };
		4110A4581F3C2F6C00EBA5F1 /* NSArray+MASAdditions.h in Headers */ = {isa = PBXBuildFile; fileRef = 4110A43F1F3C2F6C00EBA5F1 /* NSArray+MASAdditions.h */; };
		4110A45A1F3C2F6C00EBA5F1 /* NSArray+MASShorthandAdditions.h in Headers */ = {isa = PBXBuildFile; fileRef = 4110A4411F3C2F6C00EBA5F1 /* NSArray+MASShorthandAdditions.h */; };
		4110A45B1F3C2F6C00EBA5F1 /* NSLayoutConstraint+MASDebugAdditions.h in Headers */ = {isa = PBXBuildFile; fileRef = 4110A4421F3C2F6C00EBA5F1 /* NSLayoutConstraint+MASDebugAdditions.h */; };
		4110A45D1F3C2F6C00EBA5F1 /* View+MASAdditions.h in Headers */ = {isa = PBXBuildFile; fileRef = 4110A4441F3C2F6C00EBA5F1 /* View+MASAdditions.h */; };
		4110A45F1F3C2F6C00EBA5F1 /* View+MASShorthandAdditions.h in Headers */ = {isa = PBXBuildFile; fileRef = 4110A4461F3C2F6C00EBA5F1 /* View+MASShorthandAdditions.h */; };
		4110A4601F3C2F6C00EBA5F1 /* ViewController+MASAdditions.h in Headers */ = {isa = PBXBuildFile; fileRef = 4110A4471F3C2F6C00EBA5F1 /* ViewController+MASAdditions.h */; };
		4110A48C1F3C2F7600EBA5F1 /* MJRefresh.h in Headers */ = {isa = PBXBuildFile; fileRef = 4110A4641F3C2F7600EBA5F1 /* MJRefresh.h */; };
		4110A48D1F3C2F7600EBA5F1 /* MJRefreshAutoFooter.h in Headers */ = {isa = PBXBuildFile; fileRef = 4110A4651F3C2F7600EBA5F1 /* MJRefreshAutoFooter.h */; };
		4110A48F1F3C2F7600EBA5F1 /* MJRefreshAutoGifFooter.h in Headers */ = {isa = PBXBuildFile; fileRef = 4110A4671F3C2F7600EBA5F1 /* MJRefreshAutoGifFooter.h */; };
		4110A4911F3C2F7600EBA5F1 /* MJRefreshAutoNormalFooter.h in Headers */ = {isa = PBXBuildFile; fileRef = 4110A4691F3C2F7600EBA5F1 /* MJRefreshAutoNormalFooter.h */; };
		4110A4931F3C2F7600EBA5F1 /* MJRefreshAutoStateFooter.h in Headers */ = {isa = PBXBuildFile; fileRef = 4110A46B1F3C2F7600EBA5F1 /* MJRefreshAutoStateFooter.h */; };
		4110A4951F3C2F7600EBA5F1 /* MJRefreshBackFooter.h in Headers */ = {isa = PBXBuildFile; fileRef = 4110A46D1F3C2F7600EBA5F1 /* MJRefreshBackFooter.h */; };
		4110A4971F3C2F7600EBA5F1 /* MJRefreshBackGifFooter.h in Headers */ = {isa = PBXBuildFile; fileRef = 4110A46F1F3C2F7600EBA5F1 /* MJRefreshBackGifFooter.h */; };
		4110A4991F3C2F7600EBA5F1 /* MJRefreshBackNormalFooter.h in Headers */ = {isa = PBXBuildFile; fileRef = 4110A4711F3C2F7600EBA5F1 /* MJRefreshBackNormalFooter.h */; };
		4110A49B1F3C2F7600EBA5F1 /* MJRefreshBackStateFooter.h in Headers */ = {isa = PBXBuildFile; fileRef = 4110A4731F3C2F7600EBA5F1 /* MJRefreshBackStateFooter.h */; };
		4110A49D1F3C2F7600EBA5F1 /* MJRefreshComponent.h in Headers */ = {isa = PBXBuildFile; fileRef = 4110A4751F3C2F7600EBA5F1 /* MJRefreshComponent.h */; };
		4110A49F1F3C2F7600EBA5F1 /* MJRefreshConst.h in Headers */ = {isa = PBXBuildFile; fileRef = 4110A4771F3C2F7600EBA5F1 /* MJRefreshConst.h */; };
		4110A4A11F3C2F7600EBA5F1 /* MJRefreshFooter.h in Headers */ = {isa = PBXBuildFile; fileRef = 4110A4791F3C2F7600EBA5F1 /* MJRefreshFooter.h */; };
		4110A4A31F3C2F7600EBA5F1 /* MJRefreshGifHeader.h in Headers */ = {isa = PBXBuildFile; fileRef = 4110A47B1F3C2F7600EBA5F1 /* MJRefreshGifHeader.h */; };
		4110A4A51F3C2F7600EBA5F1 /* MJRefreshHeader.h in Headers */ = {isa = PBXBuildFile; fileRef = 4110A47D1F3C2F7600EBA5F1 /* MJRefreshHeader.h */; };
		4110A4A71F3C2F7600EBA5F1 /* MJRefreshNormalHeader.h in Headers */ = {isa = PBXBuildFile; fileRef = 4110A47F1F3C2F7600EBA5F1 /* MJRefreshNormalHeader.h */; };
		4110A4A91F3C2F7600EBA5F1 /* MJRefreshStateHeader.h in Headers */ = {isa = PBXBuildFile; fileRef = 4110A4811F3C2F7600EBA5F1 /* MJRefreshStateHeader.h */; };
		4110A4AB1F3C2F7600EBA5F1 /* NSBundle+MJRefresh.h in Headers */ = {isa = PBXBuildFile; fileRef = 4110A4831F3C2F7600EBA5F1 /* NSBundle+MJRefresh.h */; };
		4110A4AD1F3C2F7600EBA5F1 /* UIScrollView+MJExtension.h in Headers */ = {isa = PBXBuildFile; fileRef = 4110A4851F3C2F7600EBA5F1 /* UIScrollView+MJExtension.h */; };
		4110A4AF1F3C2F7600EBA5F1 /* UIScrollView+MJRefresh.h in Headers */ = {isa = PBXBuildFile; fileRef = 4110A4871F3C2F7600EBA5F1 /* UIScrollView+MJRefresh.h */; };
		4110A4B11F3C2F7600EBA5F1 /* UIView+MJExtension.h in Headers */ = {isa = PBXBuildFile; fileRef = 4110A4891F3C2F7600EBA5F1 /* UIView+MJExtension.h */; };
		4110A4B81F3C2F7B00EBA5F1 /* NJKWebViewProgress.h in Headers */ = {isa = PBXBuildFile; fileRef = 4110A4B41F3C2F7B00EBA5F1 /* NJKWebViewProgress.h */; };
		4110A4BA1F3C2F7B00EBA5F1 /* NJKWebViewProgressView.h in Headers */ = {isa = PBXBuildFile; fileRef = 4110A4B61F3C2F7B00EBA5F1 /* NJKWebViewProgressView.h */; };
		4110A4C21F3C2F8500EBA5F1 /* Reachability.h in Headers */ = {isa = PBXBuildFile; fileRef = 4110A4BE1F3C2F8500EBA5F1 /* Reachability.h */; };
		4110A4DF1F3C2F8C00EBA5F1 /* CWStatusBarNotification.h in Headers */ = {isa = PBXBuildFile; fileRef = 4110A4C61F3C2F8C00EBA5F1 /* CWStatusBarNotification.h */; settings = {ATTRIBUTES = (Public, ); }; };
		4110A4E01F3C2F8C00EBA5F1 /* CWStatusBarNotification.m in Sources */ = {isa = PBXBuildFile; fileRef = 4110A4C71F3C2F8C00EBA5F1 /* CWStatusBarNotification.m */; };
		4110A4E11F3C2F8C00EBA5F1 /* NSData+YDConversion.h in Headers */ = {isa = PBXBuildFile; fileRef = 4110A4C81F3C2F8C00EBA5F1 /* NSData+YDConversion.h */; settings = {ATTRIBUTES = (Public, ); }; };
		4110A4E21F3C2F8C00EBA5F1 /* NSData+YDConversion.m in Sources */ = {isa = PBXBuildFile; fileRef = 4110A4C91F3C2F8C00EBA5F1 /* NSData+YDConversion.m */; };
		4110A4E31F3C2F8C00EBA5F1 /* NSString+YDContainsString.h in Headers */ = {isa = PBXBuildFile; fileRef = 4110A4CA1F3C2F8C00EBA5F1 /* NSString+YDContainsString.h */; settings = {ATTRIBUTES = (Public, ); }; };
		4110A4E51F3C2F8C00EBA5F1 /* UIViewController+YDNavigation.h in Headers */ = {isa = PBXBuildFile; fileRef = 4110A4CC1F3C2F8C00EBA5F1 /* UIViewController+YDNavigation.h */; settings = {ATTRIBUTES = (Public, ); }; };
		4110A4E61F3C2F8C00EBA5F1 /* UIViewController+YDNavigation.m in Sources */ = {isa = PBXBuildFile; fileRef = 4110A4CD1F3C2F8C00EBA5F1 /* UIViewController+YDNavigation.m */; };
		4110A4E71F3C2F8C00EBA5F1 /* UIViewController+YDViewController.h in Headers */ = {isa = PBXBuildFile; fileRef = 4110A4CE1F3C2F8C00EBA5F1 /* UIViewController+YDViewController.h */; settings = {ATTRIBUTES = (Public, ); }; };
		4110A4E81F3C2F8C00EBA5F1 /* UIViewController+YDViewController.m in Sources */ = {isa = PBXBuildFile; fileRef = 4110A4CF1F3C2F8C00EBA5F1 /* UIViewController+YDViewController.m */; };
		4110A4E91F3C2F8C00EBA5F1 /* YDBlueToothMgr.h in Headers */ = {isa = PBXBuildFile; fileRef = 4110A4D01F3C2F8C00EBA5F1 /* YDBlueToothMgr.h */; settings = {ATTRIBUTES = (Public, ); }; };
		4110A4EA1F3C2F8C00EBA5F1 /* YDBlueToothMgr.m in Sources */ = {isa = PBXBuildFile; fileRef = 4110A4D11F3C2F8C00EBA5F1 /* YDBlueToothMgr.m */; };
		4110A4EB1F3C2F8C00EBA5F1 /* YDBluetoothWebViewMgr.h in Headers */ = {isa = PBXBuildFile; fileRef = 4110A4D21F3C2F8C00EBA5F1 /* YDBluetoothWebViewMgr.h */; settings = {ATTRIBUTES = (Public, ); }; };
		4110A4EC1F3C2F8C00EBA5F1 /* YDBluetoothWebViewMgr.m in Sources */ = {isa = PBXBuildFile; fileRef = 4110A4D31F3C2F8C00EBA5F1 /* YDBluetoothWebViewMgr.m */; };
		4110A4ED1F3C2F8C00EBA5F1 /* YDBridgeWebMgr.h in Headers */ = {isa = PBXBuildFile; fileRef = 4110A4D41F3C2F8C00EBA5F1 /* YDBridgeWebMgr.h */; settings = {ATTRIBUTES = (Public, ); }; };
		4110A4EE1F3C2F8C00EBA5F1 /* YDBridgeWebMgr.m in Sources */ = {isa = PBXBuildFile; fileRef = 4110A4D51F3C2F8C00EBA5F1 /* YDBridgeWebMgr.m */; };
		4110A4EF1F3C2F8C00EBA5F1 /* YDBridgeWebView.h in Headers */ = {isa = PBXBuildFile; fileRef = 4110A4D61F3C2F8C00EBA5F1 /* YDBridgeWebView.h */; settings = {ATTRIBUTES = (Public, ); }; };
		4110A4F01F3C2F8C00EBA5F1 /* YDBridgeWebView.m in Sources */ = {isa = PBXBuildFile; fileRef = 4110A4D71F3C2F8C00EBA5F1 /* YDBridgeWebView.m */; };
		4110A4F11F3C2F8C00EBA5F1 /* YDBridgeWebViewController.h in Headers */ = {isa = PBXBuildFile; fileRef = 4110A4D81F3C2F8C00EBA5F1 /* YDBridgeWebViewController.h */; settings = {ATTRIBUTES = (Public, ); }; };
		4110A4F21F3C2F8C00EBA5F1 /* YDBridgeWebViewController.m in Sources */ = {isa = PBXBuildFile; fileRef = 4110A4D91F3C2F8C00EBA5F1 /* YDBridgeWebViewController.m */; };
		4110A4F31F3C2F8C00EBA5F1 /* YDDefine.h in Headers */ = {isa = PBXBuildFile; fileRef = 4110A4DA1F3C2F8C00EBA5F1 /* YDDefine.h */; settings = {ATTRIBUTES = (Public, ); }; };
		4110A4F41F3C2F8C00EBA5F1 /* YDMBaseViewController.h in Headers */ = {isa = PBXBuildFile; fileRef = 4110A4DB1F3C2F8C00EBA5F1 /* YDMBaseViewController.h */; settings = {ATTRIBUTES = (Public, ); }; };
		4110A4F51F3C2F8C00EBA5F1 /* YDMBaseViewController.m in Sources */ = {isa = PBXBuildFile; fileRef = 4110A4DC1F3C2F8C00EBA5F1 /* YDMBaseViewController.m */; };
		4110A4F61F3C2F8C00EBA5F1 /* YDWebNoNetworkView.h in Headers */ = {isa = PBXBuildFile; fileRef = 4110A4DD1F3C2F8C00EBA5F1 /* YDWebNoNetworkView.h */; settings = {ATTRIBUTES = (Public, ); }; };
		4110A4F71F3C2F8C00EBA5F1 /* YDWebNoNetworkView.m in Sources */ = {isa = PBXBuildFile; fileRef = 4110A4DE1F3C2F8C00EBA5F1 /* YDWebNoNetworkView.m */; };
		4110A50B1F3C2F9300EBA5F1 /* SVIndefiniteAnimatedView.h in Headers */ = {isa = PBXBuildFile; fileRef = 4110A4F91F3C2F9300EBA5F1 /* SVIndefiniteAnimatedView.h */; };
		4110A50D1F3C2F9300EBA5F1 /* SVProgressAnimatedView.h in Headers */ = {isa = PBXBuildFile; fileRef = 4110A4FB1F3C2F9300EBA5F1 /* SVProgressAnimatedView.h */; };
		4110A5101F3C2F9300EBA5F1 /* SVProgressHUD.h in Headers */ = {isa = PBXBuildFile; fileRef = 4110A4FE1F3C2F9300EBA5F1 /* SVProgressHUD.h */; };
		4110A5121F3C2F9300EBA5F1 /* SVRadialGradientLayer.h in Headers */ = {isa = PBXBuildFile; fileRef = 4110A5001F3C2F9300EBA5F1 /* SVRadialGradientLayer.h */; };
		4110A5141F3C2F9300EBA5F1 /* WebViewJavascriptBridge.h in Headers */ = {isa = PBXBuildFile; fileRef = 4110A5031F3C2F9300EBA5F1 /* WebViewJavascriptBridge.h */; };
		4110A5161F3C2F9300EBA5F1 /* WebViewJavascriptBridge_JS.h in Headers */ = {isa = PBXBuildFile; fileRef = 4110A5051F3C2F9300EBA5F1 /* WebViewJavascriptBridge_JS.h */; };
		4110A5181F3C2F9300EBA5F1 /* WebViewJavascriptBridgeBase.h in Headers */ = {isa = PBXBuildFile; fileRef = 4110A5071F3C2F9300EBA5F1 /* WebViewJavascriptBridgeBase.h */; };
		4110A51A1F3C2F9300EBA5F1 /* WKWebViewJavascriptBridge.h in Headers */ = {isa = PBXBuildFile; fileRef = 4110A5091F3C2F9300EBA5F1 /* WKWebViewJavascriptBridge.h */; };
		4110A52C1F3C2F9C00EBA5F1 /* NSObject+YYModel.h in Headers */ = {isa = PBXBuildFile; fileRef = 4110A5231F3C2F9C00EBA5F1 /* NSObject+YYModel.h */; };
		4110A52E1F3C2F9C00EBA5F1 /* YYClassInfo.h in Headers */ = {isa = PBXBuildFile; fileRef = 4110A5251F3C2F9C00EBA5F1 /* YYClassInfo.h */; };
		4110A5301F3C2F9C00EBA5F1 /* YYModel.h in Headers */ = {isa = PBXBuildFile; fileRef = 4110A5271F3C2F9C00EBA5F1 /* YYModel.h */; };
		4110A53A1F3C311200EBA5F1 /* WebKit.framework in Frameworks */ = {isa = PBXBuildFile; fileRef = 4110A5391F3C311200EBA5F1 /* WebKit.framework */; };
		4110A53B1F3C35F300EBA5F1 /* NSString+YDContainsString.m in Sources */ = {isa = PBXBuildFile; fileRef = 4110A4CB1F3C2F8C00EBA5F1 /* NSString+YDContainsString.m */; };
		4110A54B1F3C407D00EBA5F1 /* YDOpenHardwareSDK.framework in Frameworks */ = {isa = PBXBuildFile; fileRef = 4110A54A1F3C407D00EBA5F1 /* YDOpenHardwareSDK.framework */; settings = {ATTRIBUTES = (Required, ); }; };
		4110A54C1F3C449000EBA5F1 /* YDOpenHardwareSDK.framework in Sources */ = {isa = PBXBuildFile; fileRef = 4110A54A1F3C407D00EBA5F1 /* YDOpenHardwareSDK.framework */; };
/* End PBXBuildFile section */

/* Begin PBXContainerItemProxy section */
		4110A5351F3C30B600EBA5F1 /* PBXContainerItemProxy */ = {
			isa = PBXContainerItemProxy;
			containerPortal = 4110A3F61F3C2F1C00EBA5F1 /* Project object */;
			proxyType = 1;
			remoteGlobalIDString = 4110A3FE1F3C2F1C00EBA5F1;
			remoteInfo = YDBluetoothWebBridge;
		};
/* End PBXContainerItemProxy section */

/* Begin PBXFileReference section */
		4110A3FF1F3C2F1C00EBA5F1 /* YDBluetoothWebBridge.framework */ = {isa = PBXFileReference; explicitFileType = wrapper.framework; includeInIndex = 0; path = YDBluetoothWebBridge.framework; sourceTree = BUILT_PRODUCTS_DIR; };
		4110A4021F3C2F1C00EBA5F1 /* YDBluetoothWebBridge.h */ = {isa = PBXFileReference; lastKnownFileType = sourcecode.c.h; path = YDBluetoothWebBridge.h; sourceTree = "<group>"; };
		4110A4031F3C2F1C00EBA5F1 /* Info.plist */ = {isa = PBXFileReference; lastKnownFileType = text.plist.xml; path = Info.plist; sourceTree = "<group>"; };
		4110A40B1F3C2F6200EBA5F1 /* BabyBluetooth.h */ = {isa = PBXFileReference; fileEncoding = 4; lastKnownFileType = sourcecode.c.h; path = BabyBluetooth.h; sourceTree = "<group>"; };
		4110A40C1F3C2F6200EBA5F1 /* BabyBluetooth.m */ = {isa = PBXFileReference; fileEncoding = 4; lastKnownFileType = sourcecode.c.objc; path = BabyBluetooth.m; sourceTree = "<group>"; };
		4110A40D1F3C2F6200EBA5F1 /* BabyCallback.h */ = {isa = PBXFileReference; fileEncoding = 4; lastKnownFileType = sourcecode.c.h; path = BabyCallback.h; sourceTree = "<group>"; };
		4110A40E1F3C2F6200EBA5F1 /* BabyCallback.m */ = {isa = PBXFileReference; fileEncoding = 4; lastKnownFileType = sourcecode.c.objc; path = BabyCallback.m; sourceTree = "<group>"; };
		4110A40F1F3C2F6200EBA5F1 /* BabyCentralManager.h */ = {isa = PBXFileReference; fileEncoding = 4; lastKnownFileType = sourcecode.c.h; path = BabyCentralManager.h; sourceTree = "<group>"; };
		4110A4101F3C2F6200EBA5F1 /* BabyCentralManager.m */ = {isa = PBXFileReference; fileEncoding = 4; lastKnownFileType = sourcecode.c.objc; path = BabyCentralManager.m; sourceTree = "<group>"; };
		4110A4111F3C2F6200EBA5F1 /* BabyDefine.h */ = {isa = PBXFileReference; fileEncoding = 4; lastKnownFileType = sourcecode.c.h; path = BabyDefine.h; sourceTree = "<group>"; };
		4110A4121F3C2F6200EBA5F1 /* BabyDefine.m */ = {isa = PBXFileReference; fileEncoding = 4; lastKnownFileType = sourcecode.c.objc; path = BabyDefine.m; sourceTree = "<group>"; };
		4110A4131F3C2F6200EBA5F1 /* BabyOptions.h */ = {isa = PBXFileReference; fileEncoding = 4; lastKnownFileType = sourcecode.c.h; path = BabyOptions.h; sourceTree = "<group>"; };
		4110A4141F3C2F6200EBA5F1 /* BabyOptions.m */ = {isa = PBXFileReference; fileEncoding = 4; lastKnownFileType = sourcecode.c.objc; path = BabyOptions.m; sourceTree = "<group>"; };
		4110A4151F3C2F6200EBA5F1 /* BabyPeripheralManager.h */ = {isa = PBXFileReference; fileEncoding = 4; lastKnownFileType = sourcecode.c.h; path = BabyPeripheralManager.h; sourceTree = "<group>"; };
		4110A4161F3C2F6200EBA5F1 /* BabyPeripheralManager.m */ = {isa = PBXFileReference; fileEncoding = 4; lastKnownFileType = sourcecode.c.objc; path = BabyPeripheralManager.m; sourceTree = "<group>"; };
		4110A4171F3C2F6200EBA5F1 /* BabyRhythm.h */ = {isa = PBXFileReference; fileEncoding = 4; lastKnownFileType = sourcecode.c.h; path = BabyRhythm.h; sourceTree = "<group>"; };
		4110A4181F3C2F6200EBA5F1 /* BabyRhythm.m */ = {isa = PBXFileReference; fileEncoding = 4; lastKnownFileType = sourcecode.c.objc; path = BabyRhythm.m; sourceTree = "<group>"; };
		4110A4191F3C2F6200EBA5F1 /* BabySpeaker.h */ = {isa = PBXFileReference; fileEncoding = 4; lastKnownFileType = sourcecode.c.h; path = BabySpeaker.h; sourceTree = "<group>"; };
		4110A41A1F3C2F6200EBA5F1 /* BabySpeaker.m */ = {isa = PBXFileReference; fileEncoding = 4; lastKnownFileType = sourcecode.c.objc; path = BabySpeaker.m; sourceTree = "<group>"; };
		4110A41B1F3C2F6200EBA5F1 /* BabyToy.h */ = {isa = PBXFileReference; fileEncoding = 4; lastKnownFileType = sourcecode.c.h; path = BabyToy.h; sourceTree = "<group>"; };
		4110A41C1F3C2F6200EBA5F1 /* BabyToy.m */ = {isa = PBXFileReference; fileEncoding = 4; lastKnownFileType = sourcecode.c.objc; path = BabyToy.m; sourceTree = "<group>"; };
		4110A4301F3C2F6C00EBA5F1 /* MASCompositeConstraint.h */ = {isa = PBXFileReference; fileEncoding = 4; lastKnownFileType = sourcecode.c.h; path = MASCompositeConstraint.h; sourceTree = "<group>"; };
		4110A4311F3C2F6C00EBA5F1 /* MASCompositeConstraint.m */ = {isa = PBXFileReference; fileEncoding = 4; lastKnownFileType = sourcecode.c.objc; path = MASCompositeConstraint.m; sourceTree = "<group>"; };
		4110A4321F3C2F6C00EBA5F1 /* MASConstraint+Private.h */ = {isa = PBXFileReference; fileEncoding = 4; lastKnownFileType = sourcecode.c.h; path = "MASConstraint+Private.h"; sourceTree = "<group>"; };
		4110A4331F3C2F6C00EBA5F1 /* MASConstraint.h */ = {isa = PBXFileReference; fileEncoding = 4; lastKnownFileType = sourcecode.c.h; path = MASConstraint.h; sourceTree = "<group>"; };
		4110A4341F3C2F6C00EBA5F1 /* MASConstraint.m */ = {isa = PBXFileReference; fileEncoding = 4; lastKnownFileType = sourcecode.c.objc; path = MASConstraint.m; sourceTree = "<group>"; };
		4110A4351F3C2F6C00EBA5F1 /* MASConstraintMaker.h */ = {isa = PBXFileReference; fileEncoding = 4; lastKnownFileType = sourcecode.c.h; path = MASConstraintMaker.h; sourceTree = "<group>"; };
		4110A4361F3C2F6C00EBA5F1 /* MASConstraintMaker.m */ = {isa = PBXFileReference; fileEncoding = 4; lastKnownFileType = sourcecode.c.objc; path = MASConstraintMaker.m; sourceTree = "<group>"; };
		4110A4371F3C2F6C00EBA5F1 /* MASLayoutConstraint.h */ = {isa = PBXFileReference; fileEncoding = 4; lastKnownFileType = sourcecode.c.h; path = MASLayoutConstraint.h; sourceTree = "<group>"; };
		4110A4381F3C2F6C00EBA5F1 /* MASLayoutConstraint.m */ = {isa = PBXFileReference; fileEncoding = 4; lastKnownFileType = sourcecode.c.objc; path = MASLayoutConstraint.m; sourceTree = "<group>"; };
		4110A4391F3C2F6C00EBA5F1 /* Masonry.h */ = {isa = PBXFileReference; fileEncoding = 4; lastKnownFileType = sourcecode.c.h; path = Masonry.h; sourceTree = "<group>"; };
		4110A43A1F3C2F6C00EBA5F1 /* MASUtilities.h */ = {isa = PBXFileReference; fileEncoding = 4; lastKnownFileType = sourcecode.c.h; path = MASUtilities.h; sourceTree = "<group>"; };
		4110A43B1F3C2F6C00EBA5F1 /* MASViewAttribute.h */ = {isa = PBXFileReference; fileEncoding = 4; lastKnownFileType = sourcecode.c.h; path = MASViewAttribute.h; sourceTree = "<group>"; };
		4110A43C1F3C2F6C00EBA5F1 /* MASViewAttribute.m */ = {isa = PBXFileReference; fileEncoding = 4; lastKnownFileType = sourcecode.c.objc; path = MASViewAttribute.m; sourceTree = "<group>"; };
		4110A43D1F3C2F6C00EBA5F1 /* MASViewConstraint.h */ = {isa = PBXFileReference; fileEncoding = 4; lastKnownFileType = sourcecode.c.h; path = MASViewConstraint.h; sourceTree = "<group>"; };
		4110A43E1F3C2F6C00EBA5F1 /* MASViewConstraint.m */ = {isa = PBXFileReference; fileEncoding = 4; lastKnownFileType = sourcecode.c.objc; path = MASViewConstraint.m; sourceTree = "<group>"; };
		4110A43F1F3C2F6C00EBA5F1 /* NSArray+MASAdditions.h */ = {isa = PBXFileReference; fileEncoding = 4; lastKnownFileType = sourcecode.c.h; path = "NSArray+MASAdditions.h"; sourceTree = "<group>"; };
		4110A4401F3C2F6C00EBA5F1 /* NSArray+MASAdditions.m */ = {isa = PBXFileReference; fileEncoding = 4; lastKnownFileType = sourcecode.c.objc; path = "NSArray+MASAdditions.m"; sourceTree = "<group>"; };
		4110A4411F3C2F6C00EBA5F1 /* NSArray+MASShorthandAdditions.h */ = {isa = PBXFileReference; fileEncoding = 4; lastKnownFileType = sourcecode.c.h; path = "NSArray+MASShorthandAdditions.h"; sourceTree = "<group>"; };
		4110A4421F3C2F6C00EBA5F1 /* NSLayoutConstraint+MASDebugAdditions.h */ = {isa = PBXFileReference; fileEncoding = 4; lastKnownFileType = sourcecode.c.h; path = "NSLayoutConstraint+MASDebugAdditions.h"; sourceTree = "<group>"; };
		4110A4431F3C2F6C00EBA5F1 /* NSLayoutConstraint+MASDebugAdditions.m */ = {isa = PBXFileReference; fileEncoding = 4; lastKnownFileType = sourcecode.c.objc; path = "NSLayoutConstraint+MASDebugAdditions.m"; sourceTree = "<group>"; };
		4110A4441F3C2F6C00EBA5F1 /* View+MASAdditions.h */ = {isa = PBXFileReference; fileEncoding = 4; lastKnownFileType = sourcecode.c.h; path = "View+MASAdditions.h"; sourceTree = "<group>"; };
		4110A4451F3C2F6C00EBA5F1 /* View+MASAdditions.m */ = {isa = PBXFileReference; fileEncoding = 4; lastKnownFileType = sourcecode.c.objc; path = "View+MASAdditions.m"; sourceTree = "<group>"; };
		4110A4461F3C2F6C00EBA5F1 /* View+MASShorthandAdditions.h */ = {isa = PBXFileReference; fileEncoding = 4; lastKnownFileType = sourcecode.c.h; path = "View+MASShorthandAdditions.h"; sourceTree = "<group>"; };
		4110A4471F3C2F6C00EBA5F1 /* ViewController+MASAdditions.h */ = {isa = PBXFileReference; fileEncoding = 4; lastKnownFileType = sourcecode.c.h; path = "ViewController+MASAdditions.h"; sourceTree = "<group>"; };
		4110A4481F3C2F6C00EBA5F1 /* ViewController+MASAdditions.m */ = {isa = PBXFileReference; fileEncoding = 4; lastKnownFileType = sourcecode.c.objc; path = "ViewController+MASAdditions.m"; sourceTree = "<group>"; };
		4110A4631F3C2F7600EBA5F1 /* MJRefresh.bundle */ = {isa = PBXFileReference; lastKnownFileType = "wrapper.plug-in"; path = MJRefresh.bundle; sourceTree = "<group>"; };
		4110A4641F3C2F7600EBA5F1 /* MJRefresh.h */ = {isa = PBXFileReference; fileEncoding = 4; lastKnownFileType = sourcecode.c.h; path = MJRefresh.h; sourceTree = "<group>"; };
		4110A4651F3C2F7600EBA5F1 /* MJRefreshAutoFooter.h */ = {isa = PBXFileReference; fileEncoding = 4; lastKnownFileType = sourcecode.c.h; path = MJRefreshAutoFooter.h; sourceTree = "<group>"; };
		4110A4661F3C2F7600EBA5F1 /* MJRefreshAutoFooter.m */ = {isa = PBXFileReference; fileEncoding = 4; lastKnownFileType = sourcecode.c.objc; path = MJRefreshAutoFooter.m; sourceTree = "<group>"; };
		4110A4671F3C2F7600EBA5F1 /* MJRefreshAutoGifFooter.h */ = {isa = PBXFileReference; fileEncoding = 4; lastKnownFileType = sourcecode.c.h; path = MJRefreshAutoGifFooter.h; sourceTree = "<group>"; };
		4110A4681F3C2F7600EBA5F1 /* MJRefreshAutoGifFooter.m */ = {isa = PBXFileReference; fileEncoding = 4; lastKnownFileType = sourcecode.c.objc; path = MJRefreshAutoGifFooter.m; sourceTree = "<group>"; };
		4110A4691F3C2F7600EBA5F1 /* MJRefreshAutoNormalFooter.h */ = {isa = PBXFileReference; fileEncoding = 4; lastKnownFileType = sourcecode.c.h; path = MJRefreshAutoNormalFooter.h; sourceTree = "<group>"; };
		4110A46A1F3C2F7600EBA5F1 /* MJRefreshAutoNormalFooter.m */ = {isa = PBXFileReference; fileEncoding = 4; lastKnownFileType = sourcecode.c.objc; path = MJRefreshAutoNormalFooter.m; sourceTree = "<group>"; };
		4110A46B1F3C2F7600EBA5F1 /* MJRefreshAutoStateFooter.h */ = {isa = PBXFileReference; fileEncoding = 4; lastKnownFileType = sourcecode.c.h; path = MJRefreshAutoStateFooter.h; sourceTree = "<group>"; };
		4110A46C1F3C2F7600EBA5F1 /* MJRefreshAutoStateFooter.m */ = {isa = PBXFileReference; fileEncoding = 4; lastKnownFileType = sourcecode.c.objc; path = MJRefreshAutoStateFooter.m; sourceTree = "<group>"; };
		4110A46D1F3C2F7600EBA5F1 /* MJRefreshBackFooter.h */ = {isa = PBXFileReference; fileEncoding = 4; lastKnownFileType = sourcecode.c.h; path = MJRefreshBackFooter.h; sourceTree = "<group>"; };
		4110A46E1F3C2F7600EBA5F1 /* MJRefreshBackFooter.m */ = {isa = PBXFileReference; fileEncoding = 4; lastKnownFileType = sourcecode.c.objc; path = MJRefreshBackFooter.m; sourceTree = "<group>"; };
		4110A46F1F3C2F7600EBA5F1 /* MJRefreshBackGifFooter.h */ = {isa = PBXFileReference; fileEncoding = 4; lastKnownFileType = sourcecode.c.h; path = MJRefreshBackGifFooter.h; sourceTree = "<group>"; };
		4110A4701F3C2F7600EBA5F1 /* MJRefreshBackGifFooter.m */ = {isa = PBXFileReference; fileEncoding = 4; lastKnownFileType = sourcecode.c.objc; path = MJRefreshBackGifFooter.m; sourceTree = "<group>"; };
		4110A4711F3C2F7600EBA5F1 /* MJRefreshBackNormalFooter.h */ = {isa = PBXFileReference; fileEncoding = 4; lastKnownFileType = sourcecode.c.h; path = MJRefreshBackNormalFooter.h; sourceTree = "<group>"; };
		4110A4721F3C2F7600EBA5F1 /* MJRefreshBackNormalFooter.m */ = {isa = PBXFileReference; fileEncoding = 4; lastKnownFileType = sourcecode.c.objc; path = MJRefreshBackNormalFooter.m; sourceTree = "<group>"; };
		4110A4731F3C2F7600EBA5F1 /* MJRefreshBackStateFooter.h */ = {isa = PBXFileReference; fileEncoding = 4; lastKnownFileType = sourcecode.c.h; path = MJRefreshBackStateFooter.h; sourceTree = "<group>"; };
		4110A4741F3C2F7600EBA5F1 /* MJRefreshBackStateFooter.m */ = {isa = PBXFileReference; fileEncoding = 4; lastKnownFileType = sourcecode.c.objc; path = MJRefreshBackStateFooter.m; sourceTree = "<group>"; };
		4110A4751F3C2F7600EBA5F1 /* MJRefreshComponent.h */ = {isa = PBXFileReference; fileEncoding = 4; lastKnownFileType = sourcecode.c.h; path = MJRefreshComponent.h; sourceTree = "<group>"; };
		4110A4761F3C2F7600EBA5F1 /* MJRefreshComponent.m */ = {isa = PBXFileReference; fileEncoding = 4; lastKnownFileType = sourcecode.c.objc; path = MJRefreshComponent.m; sourceTree = "<group>"; };
		4110A4771F3C2F7600EBA5F1 /* MJRefreshConst.h */ = {isa = PBXFileReference; fileEncoding = 4; lastKnownFileType = sourcecode.c.h; path = MJRefreshConst.h; sourceTree = "<group>"; };
		4110A4781F3C2F7600EBA5F1 /* MJRefreshConst.m */ = {isa = PBXFileReference; fileEncoding = 4; lastKnownFileType = sourcecode.c.objc; path = MJRefreshConst.m; sourceTree = "<group>"; };
		4110A4791F3C2F7600EBA5F1 /* MJRefreshFooter.h */ = {isa = PBXFileReference; fileEncoding = 4; lastKnownFileType = sourcecode.c.h; path = MJRefreshFooter.h; sourceTree = "<group>"; };
		4110A47A1F3C2F7600EBA5F1 /* MJRefreshFooter.m */ = {isa = PBXFileReference; fileEncoding = 4; lastKnownFileType = sourcecode.c.objc; path = MJRefreshFooter.m; sourceTree = "<group>"; };
		4110A47B1F3C2F7600EBA5F1 /* MJRefreshGifHeader.h */ = {isa = PBXFileReference; fileEncoding = 4; lastKnownFileType = sourcecode.c.h; path = MJRefreshGifHeader.h; sourceTree = "<group>"; };
		4110A47C1F3C2F7600EBA5F1 /* MJRefreshGifHeader.m */ = {isa = PBXFileReference; fileEncoding = 4; lastKnownFileType = sourcecode.c.objc; path = MJRefreshGifHeader.m; sourceTree = "<group>"; };
		4110A47D1F3C2F7600EBA5F1 /* MJRefreshHeader.h */ = {isa = PBXFileReference; fileEncoding = 4; lastKnownFileType = sourcecode.c.h; path = MJRefreshHeader.h; sourceTree = "<group>"; };
		4110A47E1F3C2F7600EBA5F1 /* MJRefreshHeader.m */ = {isa = PBXFileReference; fileEncoding = 4; lastKnownFileType = sourcecode.c.objc; path = MJRefreshHeader.m; sourceTree = "<group>"; };
		4110A47F1F3C2F7600EBA5F1 /* MJRefreshNormalHeader.h */ = {isa = PBXFileReference; fileEncoding = 4; lastKnownFileType = sourcecode.c.h; path = MJRefreshNormalHeader.h; sourceTree = "<group>"; };
		4110A4801F3C2F7600EBA5F1 /* MJRefreshNormalHeader.m */ = {isa = PBXFileReference; fileEncoding = 4; lastKnownFileType = sourcecode.c.objc; path = MJRefreshNormalHeader.m; sourceTree = "<group>"; };
		4110A4811F3C2F7600EBA5F1 /* MJRefreshStateHeader.h */ = {isa = PBXFileReference; fileEncoding = 4; lastKnownFileType = sourcecode.c.h; path = MJRefreshStateHeader.h; sourceTree = "<group>"; };
		4110A4821F3C2F7600EBA5F1 /* MJRefreshStateHeader.m */ = {isa = PBXFileReference; fileEncoding = 4; lastKnownFileType = sourcecode.c.objc; path = MJRefreshStateHeader.m; sourceTree = "<group>"; };
		4110A4831F3C2F7600EBA5F1 /* NSBundle+MJRefresh.h */ = {isa = PBXFileReference; fileEncoding = 4; lastKnownFileType = sourcecode.c.h; path = "NSBundle+MJRefresh.h"; sourceTree = "<group>"; };
		4110A4841F3C2F7600EBA5F1 /* NSBundle+MJRefresh.m */ = {isa = PBXFileReference; fileEncoding = 4; lastKnownFileType = sourcecode.c.objc; path = "NSBundle+MJRefresh.m"; sourceTree = "<group>"; };
		4110A4851F3C2F7600EBA5F1 /* UIScrollView+MJExtension.h */ = {isa = PBXFileReference; fileEncoding = 4; lastKnownFileType = sourcecode.c.h; path = "UIScrollView+MJExtension.h"; sourceTree = "<group>"; };
		4110A4861F3C2F7600EBA5F1 /* UIScrollView+MJExtension.m */ = {isa = PBXFileReference; fileEncoding = 4; lastKnownFileType = sourcecode.c.objc; path = "UIScrollView+MJExtension.m"; sourceTree = "<group>"; };
		4110A4871F3C2F7600EBA5F1 /* UIScrollView+MJRefresh.h */ = {isa = PBXFileReference; fileEncoding = 4; lastKnownFileType = sourcecode.c.h; path = "UIScrollView+MJRefresh.h"; sourceTree = "<group>"; };
		4110A4881F3C2F7600EBA5F1 /* UIScrollView+MJRefresh.m */ = {isa = PBXFileReference; fileEncoding = 4; lastKnownFileType = sourcecode.c.objc; path = "UIScrollView+MJRefresh.m"; sourceTree = "<group>"; };
		4110A4891F3C2F7600EBA5F1 /* UIView+MJExtension.h */ = {isa = PBXFileReference; fileEncoding = 4; lastKnownFileType = sourcecode.c.h; path = "UIView+MJExtension.h"; sourceTree = "<group>"; };
		4110A48A1F3C2F7600EBA5F1 /* UIView+MJExtension.m */ = {isa = PBXFileReference; fileEncoding = 4; lastKnownFileType = sourcecode.c.objc; path = "UIView+MJExtension.m"; sourceTree = "<group>"; };
		4110A4B41F3C2F7B00EBA5F1 /* NJKWebViewProgress.h */ = {isa = PBXFileReference; fileEncoding = 4; lastKnownFileType = sourcecode.c.h; path = NJKWebViewProgress.h; sourceTree = "<group>"; };
		4110A4B51F3C2F7B00EBA5F1 /* NJKWebViewProgress.m */ = {isa = PBXFileReference; fileEncoding = 4; lastKnownFileType = sourcecode.c.objc; path = NJKWebViewProgress.m; sourceTree = "<group>"; };
		4110A4B61F3C2F7B00EBA5F1 /* NJKWebViewProgressView.h */ = {isa = PBXFileReference; fileEncoding = 4; lastKnownFileType = sourcecode.c.h; path = NJKWebViewProgressView.h; sourceTree = "<group>"; };
		4110A4B71F3C2F7B00EBA5F1 /* NJKWebViewProgressView.m */ = {isa = PBXFileReference; fileEncoding = 4; lastKnownFileType = sourcecode.c.objc; path = NJKWebViewProgressView.m; sourceTree = "<group>"; };
		4110A4BD1F3C2F8500EBA5F1 /* LICENCE.txt */ = {isa = PBXFileReference; fileEncoding = 4; lastKnownFileType = text; path = LICENCE.txt; sourceTree = "<group>"; };
		4110A4BE1F3C2F8500EBA5F1 /* Reachability.h */ = {isa = PBXFileReference; fileEncoding = 4; lastKnownFileType = sourcecode.c.h; path = Reachability.h; sourceTree = "<group>"; };
		4110A4BF1F3C2F8500EBA5F1 /* Reachability.m */ = {isa = PBXFileReference; fileEncoding = 4; lastKnownFileType = sourcecode.c.objc; path = Reachability.m; sourceTree = "<group>"; };
		4110A4C01F3C2F8500EBA5F1 /* README.md */ = {isa = PBXFileReference; fileEncoding = 4; lastKnownFileType = net.daringfireball.markdown; path = README.md; sourceTree = "<group>"; };
		4110A4C61F3C2F8C00EBA5F1 /* CWStatusBarNotification.h */ = {isa = PBXFileReference; fileEncoding = 4; lastKnownFileType = sourcecode.c.h; path = CWStatusBarNotification.h; sourceTree = "<group>"; };
		4110A4C71F3C2F8C00EBA5F1 /* CWStatusBarNotification.m */ = {isa = PBXFileReference; fileEncoding = 4; lastKnownFileType = sourcecode.c.objc; path = CWStatusBarNotification.m; sourceTree = "<group>"; };
		4110A4C81F3C2F8C00EBA5F1 /* NSData+YDConversion.h */ = {isa = PBXFileReference; fileEncoding = 4; lastKnownFileType = sourcecode.c.h; path = "NSData+YDConversion.h"; sourceTree = "<group>"; };
		4110A4C91F3C2F8C00EBA5F1 /* NSData+YDConversion.m */ = {isa = PBXFileReference; fileEncoding = 4; lastKnownFileType = sourcecode.c.objc; path = "NSData+YDConversion.m"; sourceTree = "<group>"; };
		4110A4CA1F3C2F8C00EBA5F1 /* NSString+YDContainsString.h */ = {isa = PBXFileReference; fileEncoding = 4; lastKnownFileType = sourcecode.c.h; path = "NSString+YDContainsString.h"; sourceTree = "<group>"; };
		4110A4CB1F3C2F8C00EBA5F1 /* NSString+YDContainsString.m */ = {isa = PBXFileReference; fileEncoding = 4; lastKnownFileType = sourcecode.c.objc; path = "NSString+YDContainsString.m"; sourceTree = "<group>"; };
		4110A4CC1F3C2F8C00EBA5F1 /* UIViewController+YDNavigation.h */ = {isa = PBXFileReference; fileEncoding = 4; lastKnownFileType = sourcecode.c.h; path = "UIViewController+YDNavigation.h"; sourceTree = "<group>"; };
		4110A4CD1F3C2F8C00EBA5F1 /* UIViewController+YDNavigation.m */ = {isa = PBXFileReference; fileEncoding = 4; lastKnownFileType = sourcecode.c.objc; path = "UIViewController+YDNavigation.m"; sourceTree = "<group>"; };
		4110A4CE1F3C2F8C00EBA5F1 /* UIViewController+YDViewController.h */ = {isa = PBXFileReference; fileEncoding = 4; lastKnownFileType = sourcecode.c.h; path = "UIViewController+YDViewController.h"; sourceTree = "<group>"; };
		4110A4CF1F3C2F8C00EBA5F1 /* UIViewController+YDViewController.m */ = {isa = PBXFileReference; fileEncoding = 4; lastKnownFileType = sourcecode.c.objc; path = "UIViewController+YDViewController.m"; sourceTree = "<group>"; };
		4110A4D01F3C2F8C00EBA5F1 /* YDBlueToothMgr.h */ = {isa = PBXFileReference; fileEncoding = 4; lastKnownFileType = sourcecode.c.h; path = YDBlueToothMgr.h; sourceTree = "<group>"; };
		4110A4D11F3C2F8C00EBA5F1 /* YDBlueToothMgr.m */ = {isa = PBXFileReference; fileEncoding = 4; lastKnownFileType = sourcecode.c.objc; path = YDBlueToothMgr.m; sourceTree = "<group>"; };
		4110A4D21F3C2F8C00EBA5F1 /* YDBluetoothWebViewMgr.h */ = {isa = PBXFileReference; fileEncoding = 4; lastKnownFileType = sourcecode.c.h; path = YDBluetoothWebViewMgr.h; sourceTree = "<group>"; };
		4110A4D31F3C2F8C00EBA5F1 /* YDBluetoothWebViewMgr.m */ = {isa = PBXFileReference; fileEncoding = 4; lastKnownFileType = sourcecode.c.objc; path = YDBluetoothWebViewMgr.m; sourceTree = "<group>"; };
		4110A4D41F3C2F8C00EBA5F1 /* YDBridgeWebMgr.h */ = {isa = PBXFileReference; fileEncoding = 4; lastKnownFileType = sourcecode.c.h; path = YDBridgeWebMgr.h; sourceTree = "<group>"; };
		4110A4D51F3C2F8C00EBA5F1 /* YDBridgeWebMgr.m */ = {isa = PBXFileReference; fileEncoding = 4; lastKnownFileType = sourcecode.c.objc; path = YDBridgeWebMgr.m; sourceTree = "<group>"; };
		4110A4D61F3C2F8C00EBA5F1 /* YDBridgeWebView.h */ = {isa = PBXFileReference; fileEncoding = 4; lastKnownFileType = sourcecode.c.h; path = YDBridgeWebView.h; sourceTree = "<group>"; };
		4110A4D71F3C2F8C00EBA5F1 /* YDBridgeWebView.m */ = {isa = PBXFileReference; fileEncoding = 4; lastKnownFileType = sourcecode.c.objc; path = YDBridgeWebView.m; sourceTree = "<group>"; };
		4110A4D81F3C2F8C00EBA5F1 /* YDBridgeWebViewController.h */ = {isa = PBXFileReference; fileEncoding = 4; lastKnownFileType = sourcecode.c.h; path = YDBridgeWebViewController.h; sourceTree = "<group>"; };
		4110A4D91F3C2F8C00EBA5F1 /* YDBridgeWebViewController.m */ = {isa = PBXFileReference; fileEncoding = 4; lastKnownFileType = sourcecode.c.objc; path = YDBridgeWebViewController.m; sourceTree = "<group>"; };
		4110A4DA1F3C2F8C00EBA5F1 /* YDDefine.h */ = {isa = PBXFileReference; fileEncoding = 4; lastKnownFileType = sourcecode.c.h; path = YDDefine.h; sourceTree = "<group>"; };
		4110A4DB1F3C2F8C00EBA5F1 /* YDMBaseViewController.h */ = {isa = PBXFileReference; fileEncoding = 4; lastKnownFileType = sourcecode.c.h; path = YDMBaseViewController.h; sourceTree = "<group>"; };
		4110A4DC1F3C2F8C00EBA5F1 /* YDMBaseViewController.m */ = {isa = PBXFileReference; fileEncoding = 4; lastKnownFileType = sourcecode.c.objc; path = YDMBaseViewController.m; sourceTree = "<group>"; };
		4110A4DD1F3C2F8C00EBA5F1 /* YDWebNoNetworkView.h */ = {isa = PBXFileReference; fileEncoding = 4; lastKnownFileType = sourcecode.c.h; path = YDWebNoNetworkView.h; sourceTree = "<group>"; };
		4110A4DE1F3C2F8C00EBA5F1 /* YDWebNoNetworkView.m */ = {isa = PBXFileReference; fileEncoding = 4; lastKnownFileType = sourcecode.c.objc; path = YDWebNoNetworkView.m; sourceTree = "<group>"; };
		4110A4F91F3C2F9300EBA5F1 /* SVIndefiniteAnimatedView.h */ = {isa = PBXFileReference; fileEncoding = 4; lastKnownFileType = sourcecode.c.h; path = SVIndefiniteAnimatedView.h; sourceTree = "<group>"; };
		4110A4FA1F3C2F9300EBA5F1 /* SVIndefiniteAnimatedView.m */ = {isa = PBXFileReference; fileEncoding = 4; lastKnownFileType = sourcecode.c.objc; path = SVIndefiniteAnimatedView.m; sourceTree = "<group>"; };
		4110A4FB1F3C2F9300EBA5F1 /* SVProgressAnimatedView.h */ = {isa = PBXFileReference; fileEncoding = 4; lastKnownFileType = sourcecode.c.h; path = SVProgressAnimatedView.h; sourceTree = "<group>"; };
		4110A4FC1F3C2F9300EBA5F1 /* SVProgressAnimatedView.m */ = {isa = PBXFileReference; fileEncoding = 4; lastKnownFileType = sourcecode.c.objc; path = SVProgressAnimatedView.m; sourceTree = "<group>"; };
		4110A4FD1F3C2F9300EBA5F1 /* SVProgressHUD.bundle */ = {isa = PBXFileReference; lastKnownFileType = "wrapper.plug-in"; path = SVProgressHUD.bundle; sourceTree = "<group>"; };
		4110A4FE1F3C2F9300EBA5F1 /* SVProgressHUD.h */ = {isa = PBXFileReference; fileEncoding = 4; lastKnownFileType = sourcecode.c.h; path = SVProgressHUD.h; sourceTree = "<group>"; };
		4110A4FF1F3C2F9300EBA5F1 /* SVProgressHUD.m */ = {isa = PBXFileReference; fileEncoding = 4; lastKnownFileType = sourcecode.c.objc; path = SVProgressHUD.m; sourceTree = "<group>"; };
		4110A5001F3C2F9300EBA5F1 /* SVRadialGradientLayer.h */ = {isa = PBXFileReference; fileEncoding = 4; lastKnownFileType = sourcecode.c.h; path = SVRadialGradientLayer.h; sourceTree = "<group>"; };
		4110A5011F3C2F9300EBA5F1 /* SVRadialGradientLayer.m */ = {isa = PBXFileReference; fileEncoding = 4; lastKnownFileType = sourcecode.c.objc; path = SVRadialGradientLayer.m; sourceTree = "<group>"; };
		4110A5031F3C2F9300EBA5F1 /* WebViewJavascriptBridge.h */ = {isa = PBXFileReference; fileEncoding = 4; lastKnownFileType = sourcecode.c.h; path = WebViewJavascriptBridge.h; sourceTree = "<group>"; };
		4110A5041F3C2F9300EBA5F1 /* WebViewJavascriptBridge.m */ = {isa = PBXFileReference; fileEncoding = 4; lastKnownFileType = sourcecode.c.objc; path = WebViewJavascriptBridge.m; sourceTree = "<group>"; };
		4110A5051F3C2F9300EBA5F1 /* WebViewJavascriptBridge_JS.h */ = {isa = PBXFileReference; fileEncoding = 4; lastKnownFileType = sourcecode.c.h; path = WebViewJavascriptBridge_JS.h; sourceTree = "<group>"; };
		4110A5061F3C2F9300EBA5F1 /* WebViewJavascriptBridge_JS.m */ = {isa = PBXFileReference; fileEncoding = 4; lastKnownFileType = sourcecode.c.objc; path = WebViewJavascriptBridge_JS.m; sourceTree = "<group>"; };
		4110A5071F3C2F9300EBA5F1 /* WebViewJavascriptBridgeBase.h */ = {isa = PBXFileReference; fileEncoding = 4; lastKnownFileType = sourcecode.c.h; path = WebViewJavascriptBridgeBase.h; sourceTree = "<group>"; };
		4110A5081F3C2F9300EBA5F1 /* WebViewJavascriptBridgeBase.m */ = {isa = PBXFileReference; fileEncoding = 4; lastKnownFileType = sourcecode.c.objc; path = WebViewJavascriptBridgeBase.m; sourceTree = "<group>"; };
		4110A5091F3C2F9300EBA5F1 /* WKWebViewJavascriptBridge.h */ = {isa = PBXFileReference; fileEncoding = 4; lastKnownFileType = sourcecode.c.h; path = WKWebViewJavascriptBridge.h; sourceTree = "<group>"; };
		4110A50A1F3C2F9300EBA5F1 /* WKWebViewJavascriptBridge.m */ = {isa = PBXFileReference; fileEncoding = 4; lastKnownFileType = sourcecode.c.objc; path = WKWebViewJavascriptBridge.m; sourceTree = "<group>"; };
		4110A5201F3C2F9C00EBA5F1 /* LICENSE */ = {isa = PBXFileReference; fileEncoding = 4; lastKnownFileType = text; path = LICENSE; sourceTree = "<group>"; };
		4110A5211F3C2F9C00EBA5F1 /* README.md */ = {isa = PBXFileReference; fileEncoding = 4; lastKnownFileType = net.daringfireball.markdown; path = README.md; sourceTree = "<group>"; };
		4110A5231F3C2F9C00EBA5F1 /* NSObject+YYModel.h */ = {isa = PBXFileReference; fileEncoding = 4; lastKnownFileType = sourcecode.c.h; path = "NSObject+YYModel.h"; sourceTree = "<group>"; };
		4110A5241F3C2F9C00EBA5F1 /* NSObject+YYModel.m */ = {isa = PBXFileReference; fileEncoding = 4; lastKnownFileType = sourcecode.c.objc; path = "NSObject+YYModel.m"; sourceTree = "<group>"; };
		4110A5251F3C2F9C00EBA5F1 /* YYClassInfo.h */ = {isa = PBXFileReference; fileEncoding = 4; lastKnownFileType = sourcecode.c.h; path = YYClassInfo.h; sourceTree = "<group>"; };
		4110A5261F3C2F9C00EBA5F1 /* YYClassInfo.m */ = {isa = PBXFileReference; fileEncoding = 4; lastKnownFileType = sourcecode.c.objc; path = YYClassInfo.m; sourceTree = "<group>"; };
		4110A5271F3C2F9C00EBA5F1 /* YYModel.h */ = {isa = PBXFileReference; fileEncoding = 4; lastKnownFileType = sourcecode.c.h; path = YYModel.h; sourceTree = "<group>"; };
		4110A5391F3C311200EBA5F1 /* WebKit.framework */ = {isa = PBXFileReference; lastKnownFileType = wrapper.framework; name = WebKit.framework; path = System/Library/Frameworks/WebKit.framework; sourceTree = SDKROOT; };
		4110A54A1F3C407D00EBA5F1 /* YDOpenHardwareSDK.framework */ = {isa = PBXFileReference; lastKnownFileType = wrapper.framework; path = YDOpenHardwareSDK.framework; sourceTree = "<group>"; };
/* End PBXFileReference section */

/* Begin PBXFrameworksBuildPhase section */
		4110A3FB1F3C2F1C00EBA5F1 /* Frameworks */ = {
			isa = PBXFrameworksBuildPhase;
			buildActionMask = 2147483647;
			files = (
				4110A53A1F3C311200EBA5F1 /* WebKit.framework in Frameworks */,
				4110A54B1F3C407D00EBA5F1 /* YDOpenHardwareSDK.framework in Frameworks */,
			);
			runOnlyForDeploymentPostprocessing = 0;
		};
/* End PBXFrameworksBuildPhase section */

/* Begin PBXGroup section */
		4110A3F51F3C2F1C00EBA5F1 = {
			isa = PBXGroup;
			children = (
				4110A5411F3C3E2200EBA5F1 /* YDOpenHardware */,
				4110A51F1F3C2F9C00EBA5F1 /* YYModel */,
				4110A4F81F3C2F9300EBA5F1 /* SVProgressHUD */,
				4110A5021F3C2F9300EBA5F1 /* WebViewJavascriptBridge */,
				4110A4C51F3C2F8C00EBA5F1 /* Source */,
				4110A4BC1F3C2F8500EBA5F1 /* Reachability */,
				4110A4B31F3C2F7B00EBA5F1 /* NJKWebViewProgress */,
				4110A4621F3C2F7600EBA5F1 /* MJRefresh */,
				4110A42F1F3C2F6C00EBA5F1 /* Masonry */,
				4110A4011F3C2F1C00EBA5F1 /* YDBluetoothWebBridge */,
				4110A4001F3C2F1C00EBA5F1 /* Products */,
				4110A5381F3C311200EBA5F1 /* Frameworks */,
			);
			sourceTree = "<group>";
		};
		4110A4001F3C2F1C00EBA5F1 /* Products */ = {
			isa = PBXGroup;
			children = (
				4110A3FF1F3C2F1C00EBA5F1 /* YDBluetoothWebBridge.framework */,
			);
			name = Products;
			sourceTree = "<group>";
		};
		4110A4011F3C2F1C00EBA5F1 /* YDBluetoothWebBridge */ = {
			isa = PBXGroup;
			children = (
				4110A40A1F3C2F6200EBA5F1 /* BabyBluetooth */,
				4110A4021F3C2F1C00EBA5F1 /* YDBluetoothWebBridge.h */,
				4110A4031F3C2F1C00EBA5F1 /* Info.plist */,
			);
			path = YDBluetoothWebBridge;
			sourceTree = "<group>";
		};
		4110A40A1F3C2F6200EBA5F1 /* BabyBluetooth */ = {
			isa = PBXGroup;
			children = (
				4110A40B1F3C2F6200EBA5F1 /* BabyBluetooth.h */,
				4110A40C1F3C2F6200EBA5F1 /* BabyBluetooth.m */,
				4110A40D1F3C2F6200EBA5F1 /* BabyCallback.h */,
				4110A40E1F3C2F6200EBA5F1 /* BabyCallback.m */,
				4110A40F1F3C2F6200EBA5F1 /* BabyCentralManager.h */,
				4110A4101F3C2F6200EBA5F1 /* BabyCentralManager.m */,
				4110A4111F3C2F6200EBA5F1 /* BabyDefine.h */,
				4110A4121F3C2F6200EBA5F1 /* BabyDefine.m */,
				4110A4131F3C2F6200EBA5F1 /* BabyOptions.h */,
				4110A4141F3C2F6200EBA5F1 /* BabyOptions.m */,
				4110A4151F3C2F6200EBA5F1 /* BabyPeripheralManager.h */,
				4110A4161F3C2F6200EBA5F1 /* BabyPeripheralManager.m */,
				4110A4171F3C2F6200EBA5F1 /* BabyRhythm.h */,
				4110A4181F3C2F6200EBA5F1 /* BabyRhythm.m */,
				4110A4191F3C2F6200EBA5F1 /* BabySpeaker.h */,
				4110A41A1F3C2F6200EBA5F1 /* BabySpeaker.m */,
				4110A41B1F3C2F6200EBA5F1 /* BabyToy.h */,
				4110A41C1F3C2F6200EBA5F1 /* BabyToy.m */,
			);
			path = BabyBluetooth;
			sourceTree = "<group>";
		};
		4110A42F1F3C2F6C00EBA5F1 /* Masonry */ = {
			isa = PBXGroup;
			children = (
				4110A4301F3C2F6C00EBA5F1 /* MASCompositeConstraint.h */,
				4110A4311F3C2F6C00EBA5F1 /* MASCompositeConstraint.m */,
				4110A4321F3C2F6C00EBA5F1 /* MASConstraint+Private.h */,
				4110A4331F3C2F6C00EBA5F1 /* MASConstraint.h */,
				4110A4341F3C2F6C00EBA5F1 /* MASConstraint.m */,
				4110A4351F3C2F6C00EBA5F1 /* MASConstraintMaker.h */,
				4110A4361F3C2F6C00EBA5F1 /* MASConstraintMaker.m */,
				4110A4371F3C2F6C00EBA5F1 /* MASLayoutConstraint.h */,
				4110A4381F3C2F6C00EBA5F1 /* MASLayoutConstraint.m */,
				4110A4391F3C2F6C00EBA5F1 /* Masonry.h */,
				4110A43A1F3C2F6C00EBA5F1 /* MASUtilities.h */,
				4110A43B1F3C2F6C00EBA5F1 /* MASViewAttribute.h */,
				4110A43C1F3C2F6C00EBA5F1 /* MASViewAttribute.m */,
				4110A43D1F3C2F6C00EBA5F1 /* MASViewConstraint.h */,
				4110A43E1F3C2F6C00EBA5F1 /* MASViewConstraint.m */,
				4110A43F1F3C2F6C00EBA5F1 /* NSArray+MASAdditions.h */,
				4110A4401F3C2F6C00EBA5F1 /* NSArray+MASAdditions.m */,
				4110A4411F3C2F6C00EBA5F1 /* NSArray+MASShorthandAdditions.h */,
				4110A4421F3C2F6C00EBA5F1 /* NSLayoutConstraint+MASDebugAdditions.h */,
				4110A4431F3C2F6C00EBA5F1 /* NSLayoutConstraint+MASDebugAdditions.m */,
				4110A4441F3C2F6C00EBA5F1 /* View+MASAdditions.h */,
				4110A4451F3C2F6C00EBA5F1 /* View+MASAdditions.m */,
				4110A4461F3C2F6C00EBA5F1 /* View+MASShorthandAdditions.h */,
				4110A4471F3C2F6C00EBA5F1 /* ViewController+MASAdditions.h */,
				4110A4481F3C2F6C00EBA5F1 /* ViewController+MASAdditions.m */,
			);
			path = Masonry;
			sourceTree = "<group>";
		};
		4110A4621F3C2F7600EBA5F1 /* MJRefresh */ = {
			isa = PBXGroup;
			children = (
				4110A4631F3C2F7600EBA5F1 /* MJRefresh.bundle */,
				4110A4641F3C2F7600EBA5F1 /* MJRefresh.h */,
				4110A4651F3C2F7600EBA5F1 /* MJRefreshAutoFooter.h */,
				4110A4661F3C2F7600EBA5F1 /* MJRefreshAutoFooter.m */,
				4110A4671F3C2F7600EBA5F1 /* MJRefreshAutoGifFooter.h */,
				4110A4681F3C2F7600EBA5F1 /* MJRefreshAutoGifFooter.m */,
				4110A4691F3C2F7600EBA5F1 /* MJRefreshAutoNormalFooter.h */,
				4110A46A1F3C2F7600EBA5F1 /* MJRefreshAutoNormalFooter.m */,
				4110A46B1F3C2F7600EBA5F1 /* MJRefreshAutoStateFooter.h */,
				4110A46C1F3C2F7600EBA5F1 /* MJRefreshAutoStateFooter.m */,
				4110A46D1F3C2F7600EBA5F1 /* MJRefreshBackFooter.h */,
				4110A46E1F3C2F7600EBA5F1 /* MJRefreshBackFooter.m */,
				4110A46F1F3C2F7600EBA5F1 /* MJRefreshBackGifFooter.h */,
				4110A4701F3C2F7600EBA5F1 /* MJRefreshBackGifFooter.m */,
				4110A4711F3C2F7600EBA5F1 /* MJRefreshBackNormalFooter.h */,
				4110A4721F3C2F7600EBA5F1 /* MJRefreshBackNormalFooter.m */,
				4110A4731F3C2F7600EBA5F1 /* MJRefreshBackStateFooter.h */,
				4110A4741F3C2F7600EBA5F1 /* MJRefreshBackStateFooter.m */,
				4110A4751F3C2F7600EBA5F1 /* MJRefreshComponent.h */,
				4110A4761F3C2F7600EBA5F1 /* MJRefreshComponent.m */,
				4110A4771F3C2F7600EBA5F1 /* MJRefreshConst.h */,
				4110A4781F3C2F7600EBA5F1 /* MJRefreshConst.m */,
				4110A4791F3C2F7600EBA5F1 /* MJRefreshFooter.h */,
				4110A47A1F3C2F7600EBA5F1 /* MJRefreshFooter.m */,
				4110A47B1F3C2F7600EBA5F1 /* MJRefreshGifHeader.h */,
				4110A47C1F3C2F7600EBA5F1 /* MJRefreshGifHeader.m */,
				4110A47D1F3C2F7600EBA5F1 /* MJRefreshHeader.h */,
				4110A47E1F3C2F7600EBA5F1 /* MJRefreshHeader.m */,
				4110A47F1F3C2F7600EBA5F1 /* MJRefreshNormalHeader.h */,
				4110A4801F3C2F7600EBA5F1 /* MJRefreshNormalHeader.m */,
				4110A4811F3C2F7600EBA5F1 /* MJRefreshStateHeader.h */,
				4110A4821F3C2F7600EBA5F1 /* MJRefreshStateHeader.m */,
				4110A4831F3C2F7600EBA5F1 /* NSBundle+MJRefresh.h */,
				4110A4841F3C2F7600EBA5F1 /* NSBundle+MJRefresh.m */,
				4110A4851F3C2F7600EBA5F1 /* UIScrollView+MJExtension.h */,
				4110A4861F3C2F7600EBA5F1 /* UIScrollView+MJExtension.m */,
				4110A4871F3C2F7600EBA5F1 /* UIScrollView+MJRefresh.h */,
				4110A4881F3C2F7600EBA5F1 /* UIScrollView+MJRefresh.m */,
				4110A4891F3C2F7600EBA5F1 /* UIView+MJExtension.h */,
				4110A48A1F3C2F7600EBA5F1 /* UIView+MJExtension.m */,
			);
			path = MJRefresh;
			sourceTree = "<group>";
		};
		4110A4B31F3C2F7B00EBA5F1 /* NJKWebViewProgress */ = {
			isa = PBXGroup;
			children = (
				4110A4B41F3C2F7B00EBA5F1 /* NJKWebViewProgress.h */,
				4110A4B51F3C2F7B00EBA5F1 /* NJKWebViewProgress.m */,
				4110A4B61F3C2F7B00EBA5F1 /* NJKWebViewProgressView.h */,
				4110A4B71F3C2F7B00EBA5F1 /* NJKWebViewProgressView.m */,
			);
			path = NJKWebViewProgress;
			sourceTree = "<group>";
		};
		4110A4BC1F3C2F8500EBA5F1 /* Reachability */ = {
			isa = PBXGroup;
			children = (
				4110A4BD1F3C2F8500EBA5F1 /* LICENCE.txt */,
				4110A4BE1F3C2F8500EBA5F1 /* Reachability.h */,
				4110A4BF1F3C2F8500EBA5F1 /* Reachability.m */,
				4110A4C01F3C2F8500EBA5F1 /* README.md */,
			);
			path = Reachability;
			sourceTree = "<group>";
		};
		4110A4C51F3C2F8C00EBA5F1 /* Source */ = {
			isa = PBXGroup;
			children = (
				4110A4C61F3C2F8C00EBA5F1 /* CWStatusBarNotification.h */,
				4110A4C71F3C2F8C00EBA5F1 /* CWStatusBarNotification.m */,
				4110A4C81F3C2F8C00EBA5F1 /* NSData+YDConversion.h */,
				4110A4C91F3C2F8C00EBA5F1 /* NSData+YDConversion.m */,
				4110A4CA1F3C2F8C00EBA5F1 /* NSString+YDContainsString.h */,
				4110A4CB1F3C2F8C00EBA5F1 /* NSString+YDContainsString.m */,
				4110A4CC1F3C2F8C00EBA5F1 /* UIViewController+YDNavigation.h */,
				4110A4CD1F3C2F8C00EBA5F1 /* UIViewController+YDNavigation.m */,
				4110A4CE1F3C2F8C00EBA5F1 /* UIViewController+YDViewController.h */,
				4110A4CF1F3C2F8C00EBA5F1 /* UIViewController+YDViewController.m */,
				4110A4D01F3C2F8C00EBA5F1 /* YDBlueToothMgr.h */,
				4110A4D11F3C2F8C00EBA5F1 /* YDBlueToothMgr.m */,
				4110A4D21F3C2F8C00EBA5F1 /* YDBluetoothWebViewMgr.h */,
				4110A4D31F3C2F8C00EBA5F1 /* YDBluetoothWebViewMgr.m */,
				4110A4D41F3C2F8C00EBA5F1 /* YDBridgeWebMgr.h */,
				4110A4D51F3C2F8C00EBA5F1 /* YDBridgeWebMgr.m */,
				4110A4D61F3C2F8C00EBA5F1 /* YDBridgeWebView.h */,
				4110A4D71F3C2F8C00EBA5F1 /* YDBridgeWebView.m */,
				4110A4D81F3C2F8C00EBA5F1 /* YDBridgeWebViewController.h */,
				4110A4D91F3C2F8C00EBA5F1 /* YDBridgeWebViewController.m */,
				4110A4DA1F3C2F8C00EBA5F1 /* YDDefine.h */,
				4110A4DB1F3C2F8C00EBA5F1 /* YDMBaseViewController.h */,
				4110A4DC1F3C2F8C00EBA5F1 /* YDMBaseViewController.m */,
				4110A4DD1F3C2F8C00EBA5F1 /* YDWebNoNetworkView.h */,
				4110A4DE1F3C2F8C00EBA5F1 /* YDWebNoNetworkView.m */,
			);
			path = Source;
			sourceTree = "<group>";
		};
		4110A4F81F3C2F9300EBA5F1 /* SVProgressHUD */ = {
			isa = PBXGroup;
			children = (
				4110A4F91F3C2F9300EBA5F1 /* SVIndefiniteAnimatedView.h */,
				4110A4FA1F3C2F9300EBA5F1 /* SVIndefiniteAnimatedView.m */,
				4110A4FB1F3C2F9300EBA5F1 /* SVProgressAnimatedView.h */,
				4110A4FC1F3C2F9300EBA5F1 /* SVProgressAnimatedView.m */,
				4110A4FD1F3C2F9300EBA5F1 /* SVProgressHUD.bundle */,
				4110A4FE1F3C2F9300EBA5F1 /* SVProgressHUD.h */,
				4110A4FF1F3C2F9300EBA5F1 /* SVProgressHUD.m */,
				4110A5001F3C2F9300EBA5F1 /* SVRadialGradientLayer.h */,
				4110A5011F3C2F9300EBA5F1 /* SVRadialGradientLayer.m */,
			);
			path = SVProgressHUD;
			sourceTree = "<group>";
		};
		4110A5021F3C2F9300EBA5F1 /* WebViewJavascriptBridge */ = {
			isa = PBXGroup;
			children = (
				4110A5031F3C2F9300EBA5F1 /* WebViewJavascriptBridge.h */,
				4110A5041F3C2F9300EBA5F1 /* WebViewJavascriptBridge.m */,
				4110A5051F3C2F9300EBA5F1 /* WebViewJavascriptBridge_JS.h */,
				4110A5061F3C2F9300EBA5F1 /* WebViewJavascriptBridge_JS.m */,
				4110A5071F3C2F9300EBA5F1 /* WebViewJavascriptBridgeBase.h */,
				4110A5081F3C2F9300EBA5F1 /* WebViewJavascriptBridgeBase.m */,
				4110A5091F3C2F9300EBA5F1 /* WKWebViewJavascriptBridge.h */,
				4110A50A1F3C2F9300EBA5F1 /* WKWebViewJavascriptBridge.m */,
			);
			path = WebViewJavascriptBridge;
			sourceTree = "<group>";
		};
		4110A51F1F3C2F9C00EBA5F1 /* YYModel */ = {
			isa = PBXGroup;
			children = (
				4110A5201F3C2F9C00EBA5F1 /* LICENSE */,
				4110A5211F3C2F9C00EBA5F1 /* README.md */,
				4110A5221F3C2F9C00EBA5F1 /* YYModel */,
			);
			path = YYModel;
			sourceTree = "<group>";
		};
		4110A5221F3C2F9C00EBA5F1 /* YYModel */ = {
			isa = PBXGroup;
			children = (
				4110A5231F3C2F9C00EBA5F1 /* NSObject+YYModel.h */,
				4110A5241F3C2F9C00EBA5F1 /* NSObject+YYModel.m */,
				4110A5251F3C2F9C00EBA5F1 /* YYClassInfo.h */,
				4110A5261F3C2F9C00EBA5F1 /* YYClassInfo.m */,
				4110A5271F3C2F9C00EBA5F1 /* YYModel.h */,
			);
			path = YYModel;
			sourceTree = "<group>";
		};
		4110A5381F3C311200EBA5F1 /* Frameworks */ = {
			isa = PBXGroup;
			children = (
				4110A5391F3C311200EBA5F1 /* WebKit.framework */,
			);
			name = Frameworks;
			sourceTree = "<group>";
		};
		4110A5411F3C3E2200EBA5F1 /* YDOpenHardware */ = {
			isa = PBXGroup;
			children = (
				4110A54A1F3C407D00EBA5F1 /* YDOpenHardwareSDK.framework */,
			);
			path = YDOpenHardware;
			sourceTree = "<group>";
		};
/* End PBXGroup section */

/* Begin PBXHeadersBuildPhase section */
		4110A3FC1F3C2F1C00EBA5F1 /* Headers */ = {
			isa = PBXHeadersBuildPhase;
			buildActionMask = 2147483647;
			files = (
				4110A4E71F3C2F8C00EBA5F1 /* UIViewController+YDViewController.h in Headers */,
				4110A4F61F3C2F8C00EBA5F1 /* YDWebNoNetworkView.h in Headers */,
				4110A4271F3C2F6200EBA5F1 /* BabyPeripheralManager.h in Headers */,
				4110A4E31F3C2F8C00EBA5F1 /* NSString+YDContainsString.h in Headers */,
				4110A4E11F3C2F8C00EBA5F1 /* NSData+YDConversion.h in Headers */,
				4110A4F31F3C2F8C00EBA5F1 /* YDDefine.h in Headers */,
				4110A4E51F3C2F8C00EBA5F1 /* UIViewController+YDNavigation.h in Headers */,
				4110A4ED1F3C2F8C00EBA5F1 /* YDBridgeWebMgr.h in Headers */,
				4110A4DF1F3C2F8C00EBA5F1 /* CWStatusBarNotification.h in Headers */,
				4110A4F11F3C2F8C00EBA5F1 /* YDBridgeWebViewController.h in Headers */,
				4110A4E91F3C2F8C00EBA5F1 /* YDBlueToothMgr.h in Headers */,
				4110A4F41F3C2F8C00EBA5F1 /* YDMBaseViewController.h in Headers */,
				4110A4EF1F3C2F8C00EBA5F1 /* YDBridgeWebView.h in Headers */,
				4110A4EB1F3C2F8C00EBA5F1 /* YDBluetoothWebViewMgr.h in Headers */,
				4110A4211F3C2F6200EBA5F1 /* BabyCentralManager.h in Headers */,
				4110A4251F3C2F6200EBA5F1 /* BabyOptions.h in Headers */,
				4110A5101F3C2F9300EBA5F1 /* SVProgressHUD.h in Headers */,
				4110A52C1F3C2F9C00EBA5F1 /* NSObject+YYModel.h in Headers */,
				4110A4231F3C2F6200EBA5F1 /* BabyDefine.h in Headers */,
				4110A4541F3C2F6C00EBA5F1 /* MASViewAttribute.h in Headers */,
				4110A52E1F3C2F9C00EBA5F1 /* YYClassInfo.h in Headers */,
				4110A4A31F3C2F7600EBA5F1 /* MJRefreshGifHeader.h in Headers */,
				4110A4B11F3C2F7600EBA5F1 /* UIView+MJExtension.h in Headers */,
				4110A4291F3C2F6200EBA5F1 /* BabyRhythm.h in Headers */,
				4110A42D1F3C2F6200EBA5F1 /* BabyToy.h in Headers */,
				4110A49D1F3C2F7600EBA5F1 /* MJRefreshComponent.h in Headers */,
				4110A5161F3C2F9300EBA5F1 /* WebViewJavascriptBridge_JS.h in Headers */,
				4110A4931F3C2F7600EBA5F1 /* MJRefreshAutoStateFooter.h in Headers */,
				4110A48D1F3C2F7600EBA5F1 /* MJRefreshAutoFooter.h in Headers */,
				4110A4581F3C2F6C00EBA5F1 /* NSArray+MASAdditions.h in Headers */,
				4110A4B81F3C2F7B00EBA5F1 /* NJKWebViewProgress.h in Headers */,
				4110A4971F3C2F7600EBA5F1 /* MJRefreshBackGifFooter.h in Headers */,
				4110A4561F3C2F6C00EBA5F1 /* MASViewConstraint.h in Headers */,
				4110A44C1F3C2F6C00EBA5F1 /* MASConstraint.h in Headers */,
				4110A4AF1F3C2F7600EBA5F1 /* UIScrollView+MJRefresh.h in Headers */,
				4110A4501F3C2F6C00EBA5F1 /* MASLayoutConstraint.h in Headers */,
				4110A45D1F3C2F6C00EBA5F1 /* View+MASAdditions.h in Headers */,
				4110A4BA1F3C2F7B00EBA5F1 /* NJKWebViewProgressView.h in Headers */,
				4110A4C21F3C2F8500EBA5F1 /* Reachability.h in Headers */,
				4110A4521F3C2F6C00EBA5F1 /* Masonry.h in Headers */,
				4110A4AB1F3C2F7600EBA5F1 /* NSBundle+MJRefresh.h in Headers */,
				4110A48C1F3C2F7600EBA5F1 /* MJRefresh.h in Headers */,
				4110A41F1F3C2F6200EBA5F1 /* BabyCallback.h in Headers */,
				4110A49F1F3C2F7600EBA5F1 /* MJRefreshConst.h in Headers */,
				4110A4A71F3C2F7600EBA5F1 /* MJRefreshNormalHeader.h in Headers */,
				4110A51A1F3C2F9300EBA5F1 /* WKWebViewJavascriptBridge.h in Headers */,
				4110A5181F3C2F9300EBA5F1 /* WebViewJavascriptBridgeBase.h in Headers */,
				4110A5121F3C2F9300EBA5F1 /* SVRadialGradientLayer.h in Headers */,
				4110A4991F3C2F7600EBA5F1 /* MJRefreshBackNormalFooter.h in Headers */,
				4110A45A1F3C2F6C00EBA5F1 /* NSArray+MASShorthandAdditions.h in Headers */,
				4110A4951F3C2F7600EBA5F1 /* MJRefreshBackFooter.h in Headers */,
				4110A42B1F3C2F6200EBA5F1 /* BabySpeaker.h in Headers */,
				4110A4A51F3C2F7600EBA5F1 /* MJRefreshHeader.h in Headers */,
				4110A4491F3C2F6C00EBA5F1 /* MASCompositeConstraint.h in Headers */,
				4110A45B1F3C2F6C00EBA5F1 /* NSLayoutConstraint+MASDebugAdditions.h in Headers */,
				4110A44E1F3C2F6C00EBA5F1 /* MASConstraintMaker.h in Headers */,
				4110A5301F3C2F9C00EBA5F1 /* YYModel.h in Headers */,
				4110A4A91F3C2F7600EBA5F1 /* MJRefreshStateHeader.h in Headers */,
				4110A45F1F3C2F6C00EBA5F1 /* View+MASShorthandAdditions.h in Headers */,
				4110A4531F3C2F6C00EBA5F1 /* MASUtilities.h in Headers */,
				4110A4601F3C2F6C00EBA5F1 /* ViewController+MASAdditions.h in Headers */,
				4110A50D1F3C2F9300EBA5F1 /* SVProgressAnimatedView.h in Headers */,
				4110A44B1F3C2F6C00EBA5F1 /* MASConstraint+Private.h in Headers */,
				4110A49B1F3C2F7600EBA5F1 /* MJRefreshBackStateFooter.h in Headers */,
				4110A4041F3C2F1C00EBA5F1 /* YDBluetoothWebBridge.h in Headers */,
				4110A4AD1F3C2F7600EBA5F1 /* UIScrollView+MJExtension.h in Headers */,
				4110A5141F3C2F9300EBA5F1 /* WebViewJavascriptBridge.h in Headers */,
				4110A4A11F3C2F7600EBA5F1 /* MJRefreshFooter.h in Headers */,
				4110A48F1F3C2F7600EBA5F1 /* MJRefreshAutoGifFooter.h in Headers */,
				4110A4911F3C2F7600EBA5F1 /* MJRefreshAutoNormalFooter.h in Headers */,
				4110A50B1F3C2F9300EBA5F1 /* SVIndefiniteAnimatedView.h in Headers */,
				4110A41D1F3C2F6200EBA5F1 /* BabyBluetooth.h in Headers */,
			);
			runOnlyForDeploymentPostprocessing = 0;
		};
/* End PBXHeadersBuildPhase section */

/* Begin PBXNativeTarget section */
		4110A3FE1F3C2F1C00EBA5F1 /* YDBluetoothWebBridge */ = {
			isa = PBXNativeTarget;
			buildConfigurationList = 4110A4071F3C2F1C00EBA5F1 /* Build configuration list for PBXNativeTarget "YDBluetoothWebBridge" */;
			buildPhases = (
				4110A3FA1F3C2F1C00EBA5F1 /* Sources */,
				4110A3FB1F3C2F1C00EBA5F1 /* Frameworks */,
				4110A3FC1F3C2F1C00EBA5F1 /* Headers */,
				4110A3FD1F3C2F1C00EBA5F1 /* Resources */,
			);
			buildRules = (
			);
			dependencies = (
			);
			name = YDBluetoothWebBridge;
			productName = YDBluetoothWebBridge;
			productReference = 4110A3FF1F3C2F1C00EBA5F1 /* YDBluetoothWebBridge.framework */;
			productType = "com.apple.product-type.framework";
		};
/* End PBXNativeTarget section */

/* Begin PBXProject section */
		4110A3F61F3C2F1C00EBA5F1 /* Project object */ = {
			isa = PBXProject;
			attributes = {
				LastUpgradeCheck = 0830;
				ORGANIZATIONNAME = Aka;
				TargetAttributes = {
					4110A3FE1F3C2F1C00EBA5F1 = {
						CreatedOnToolsVersion = 8.3.3;
						DevelopmentTeam = D2XBEJ6876;
						ProvisioningStyle = Automatic;
					};
					4110A5311F3C30A800EBA5F1 = {
						CreatedOnToolsVersion = 8.3.3;
						DevelopmentTeam = D2XBEJ6876;
						ProvisioningStyle = Automatic;
					};
				};
			};
			buildConfigurationList = 4110A3F91F3C2F1C00EBA5F1 /* Build configuration list for PBXProject "YDBluetoothWebBridge" */;
			compatibilityVersion = "Xcode 3.2";
			developmentRegion = English;
			hasScannedForEncodings = 0;
			knownRegions = (
				en,
			);
			mainGroup = 4110A3F51F3C2F1C00EBA5F1;
			productRefGroup = 4110A4001F3C2F1C00EBA5F1 /* Products */;
			projectDirPath = "";
			projectRoot = "";
			targets = (
				4110A3FE1F3C2F1C00EBA5F1 /* YDBluetoothWebBridge */,
				4110A5311F3C30A800EBA5F1 /* YDBluetoothWebBridgeCreate */,
			);
		};
/* End PBXProject section */

/* Begin PBXResourcesBuildPhase section */
		4110A3FD1F3C2F1C00EBA5F1 /* Resources */ = {
			isa = PBXResourcesBuildPhase;
			buildActionMask = 2147483647;
			files = (
			);
			runOnlyForDeploymentPostprocessing = 0;
		};
/* End PBXResourcesBuildPhase section */

/* Begin PBXShellScriptBuildPhase section */
		4110A5371F3C30B900EBA5F1 /* ShellScript */ = {
			isa = PBXShellScriptBuildPhase;
			buildActionMask = 2147483647;
			files = (
			);
			inputPaths = (
			);
			outputPaths = (
			);
			runOnlyForDeploymentPostprocessing = 0;
			shellPath = /bin/sh;
			shellScript = "# Sets the target folders and the final framework product.\n\n# 如果工程名称和Framework的Target名称不一样的话，要自定义FMKNAME\n\n# 例如: FMK_NAME = \"MyFramework\"\n\n#FMK_NAME=${PROJECT_NAME}\n#FMK_NAME = ${TARGET_NAME}\nFMK_NAME=\"YDBluetoothWebBridge\"\n# Install dir will be the final output to the framework.\n\n# The following line create it in the root folder of the current project.\n\nINSTALL_DIR=${SRCROOT}/Products/${FMK_NAME}.framework\n\n# Working dir will be deleted after the framework creation.\n\nWRK_DIR=build\n\nDEVICE_DIR=${WRK_DIR}/Release-iphoneos/${FMK_NAME}.framework\n\nSIMULATOR_DIR=${WRK_DIR}/Release-iphonesimulator/${FMK_NAME}.framework\n\n# -configuration ${CONFIGURATION}\n\n# Clean and Building both architectures.\n\nxcodebuild -configuration \"Release\" -target \"${FMK_NAME}\" -sdk iphoneos clean build\n\nxcodebuild -configuration \"Release\" -target \"${FMK_NAME}\" -sdk iphonesimulator clean build\n\n# Cleaning the oldest.\n\nif [ -d \"${INSTALL_DIR}\" ]\n\nthen\n\nrm -rf \"${INSTALL_DIR}\"\n\nfi\n\nmkdir -p \"${INSTALL_DIR}\"\n\ncp -R \"${DEVICE_DIR}/\" \"${INSTALL_DIR}/\"\n\n# Uses the Lipo Tool to merge both binary files (i386  + armv6/armv7) into one Universal final product.\n#  这里是不是少了x86 ???\n\nlipo -create \"${DEVICE_DIR}/${FMK_NAME}\" \"${SIMULATOR_DIR}/${FMK_NAME}\" -output \"${INSTALL_DIR}/${FMK_NAME}\"\n\nrm -r \"${WRK_DIR}\"\n\nopen \"${INSTALL_DIR}\"\n";
		};
/* End PBXShellScriptBuildPhase section */

/* Begin PBXSourcesBuildPhase section */
		4110A3FA1F3C2F1C00EBA5F1 /* Sources */ = {
			isa = PBXSourcesBuildPhase;
			buildActionMask = 2147483647;
			files = (
				4110A54C1F3C449000EBA5F1 /* YDOpenHardwareSDK.framework in Sources */,
				4110A53B1F3C35F300EBA5F1 /* NSString+YDContainsString.m in Sources */,
				4110A4E21F3C2F8C00EBA5F1 /* NSData+YDConversion.m in Sources */,
				4110A4F01F3C2F8C00EBA5F1 /* YDBridgeWebView.m in Sources */,
				4110A4EE1F3C2F8C00EBA5F1 /* YDBridgeWebMgr.m in Sources */,
				4110A4E81F3C2F8C00EBA5F1 /* UIViewController+YDViewController.m in Sources */,
				4110A4E61F3C2F8C00EBA5F1 /* UIViewController+YDNavigation.m in Sources */,
				4110A4F21F3C2F8C00EBA5F1 /* YDBridgeWebViewController.m in Sources */,
				4110A4E01F3C2F8C00EBA5F1 /* CWStatusBarNotification.m in Sources */,
				4110A4F71F3C2F8C00EBA5F1 /* YDWebNoNetworkView.m in Sources */,
				4110A4F51F3C2F8C00EBA5F1 /* YDMBaseViewController.m in Sources */,
				4110A4EA1F3C2F8C00EBA5F1 /* YDBlueToothMgr.m in Sources */,
				4110A4EC1F3C2F8C00EBA5F1 /* YDBluetoothWebViewMgr.m in Sources */,
			);
			runOnlyForDeploymentPostprocessing = 0;
		};
/* End PBXSourcesBuildPhase section */

/* Begin PBXTargetDependency section */
		4110A5361F3C30B600EBA5F1 /* PBXTargetDependency */ = {
			isa = PBXTargetDependency;
			target = 4110A3FE1F3C2F1C00EBA5F1 /* YDBluetoothWebBridge */;
			targetProxy = 4110A5351F3C30B600EBA5F1 /* PBXContainerItemProxy */;
		};
/* End PBXTargetDependency section */

/* Begin XCBuildConfiguration section */
		4110A4051F3C2F1C00EBA5F1 /* Debug */ = {
			isa = XCBuildConfiguration;
			buildSettings = {
				ALWAYS_SEARCH_USER_PATHS = NO;
				CLANG_ANALYZER_NONNULL = YES;
				CLANG_ANALYZER_NUMBER_OBJECT_CONVERSION = YES_AGGRESSIVE;
				CLANG_CXX_LANGUAGE_STANDARD = "gnu++0x";
				CLANG_CXX_LIBRARY = "libc++";
				CLANG_ENABLE_MODULES = YES;
				CLANG_ENABLE_OBJC_ARC = YES;
				CLANG_WARN_BOOL_CONVERSION = YES;
				CLANG_WARN_CONSTANT_CONVERSION = YES;
				CLANG_WARN_DIRECT_OBJC_ISA_USAGE = YES_ERROR;
				CLANG_WARN_DOCUMENTATION_COMMENTS = YES;
				CLANG_WARN_EMPTY_BODY = YES;
				CLANG_WARN_ENUM_CONVERSION = YES;
				CLANG_WARN_INFINITE_RECURSION = YES;
				CLANG_WARN_INT_CONVERSION = YES;
				CLANG_WARN_OBJC_ROOT_CLASS = YES_ERROR;
				CLANG_WARN_SUSPICIOUS_MOVE = YES;
				CLANG_WARN_UNREACHABLE_CODE = YES;
				CLANG_WARN__DUPLICATE_METHOD_MATCH = YES;
				"CODE_SIGN_IDENTITY[sdk=iphoneos*]" = "iPhone Developer";
				COPY_PHASE_STRIP = NO;
				CURRENT_PROJECT_VERSION = 1;
				DEBUG_INFORMATION_FORMAT = dwarf;
				ENABLE_STRICT_OBJC_MSGSEND = YES;
				ENABLE_TESTABILITY = YES;
				GCC_C_LANGUAGE_STANDARD = gnu99;
				GCC_DYNAMIC_NO_PIC = NO;
				GCC_NO_COMMON_BLOCKS = YES;
				GCC_OPTIMIZATION_LEVEL = 0;
				GCC_PREPROCESSOR_DEFINITIONS = (
					"DEBUG=1",
					"$(inherited)",
				);
				GCC_WARN_64_TO_32_BIT_CONVERSION = YES;
				GCC_WARN_ABOUT_RETURN_TYPE = YES_ERROR;
				GCC_WARN_UNDECLARED_SELECTOR = YES;
				GCC_WARN_UNINITIALIZED_AUTOS = YES_AGGRESSIVE;
				GCC_WARN_UNUSED_FUNCTION = YES;
				GCC_WARN_UNUSED_VARIABLE = YES;
				IPHONEOS_DEPLOYMENT_TARGET = 10.3;
				MTL_ENABLE_DEBUG_INFO = YES;
				ONLY_ACTIVE_ARCH = YES;
				SDKROOT = iphoneos;
				TARGETED_DEVICE_FAMILY = "1,2";
				VERSIONING_SYSTEM = "apple-generic";
				VERSION_INFO_PREFIX = "";
			};
			name = Debug;
		};
		4110A4061F3C2F1C00EBA5F1 /* Release */ = {
			isa = XCBuildConfiguration;
			buildSettings = {
				ALWAYS_SEARCH_USER_PATHS = NO;
				CLANG_ANALYZER_NONNULL = YES;
				CLANG_ANALYZER_NUMBER_OBJECT_CONVERSION = YES_AGGRESSIVE;
				CLANG_CXX_LANGUAGE_STANDARD = "gnu++0x";
				CLANG_CXX_LIBRARY = "libc++";
				CLANG_ENABLE_MODULES = YES;
				CLANG_ENABLE_OBJC_ARC = YES;
				CLANG_WARN_BOOL_CONVERSION = YES;
				CLANG_WARN_CONSTANT_CONVERSION = YES;
				CLANG_WARN_DIRECT_OBJC_ISA_USAGE = YES_ERROR;
				CLANG_WARN_DOCUMENTATION_COMMENTS = YES;
				CLANG_WARN_EMPTY_BODY = YES;
				CLANG_WARN_ENUM_CONVERSION = YES;
				CLANG_WARN_INFINITE_RECURSION = YES;
				CLANG_WARN_INT_CONVERSION = YES;
				CLANG_WARN_OBJC_ROOT_CLASS = YES_ERROR;
				CLANG_WARN_SUSPICIOUS_MOVE = YES;
				CLANG_WARN_UNREACHABLE_CODE = YES;
				CLANG_WARN__DUPLICATE_METHOD_MATCH = YES;
				"CODE_SIGN_IDENTITY[sdk=iphoneos*]" = "iPhone Developer";
				COPY_PHASE_STRIP = NO;
				CURRENT_PROJECT_VERSION = 1;
				DEBUG_INFORMATION_FORMAT = "dwarf-with-dsym";
				ENABLE_NS_ASSERTIONS = NO;
				ENABLE_STRICT_OBJC_MSGSEND = YES;
				GCC_C_LANGUAGE_STANDARD = gnu99;
				GCC_NO_COMMON_BLOCKS = YES;
				GCC_WARN_64_TO_32_BIT_CONVERSION = YES;
				GCC_WARN_ABOUT_RETURN_TYPE = YES_ERROR;
				GCC_WARN_UNDECLARED_SELECTOR = YES;
				GCC_WARN_UNINITIALIZED_AUTOS = YES_AGGRESSIVE;
				GCC_WARN_UNUSED_FUNCTION = YES;
				GCC_WARN_UNUSED_VARIABLE = YES;
				IPHONEOS_DEPLOYMENT_TARGET = 10.3;
				MTL_ENABLE_DEBUG_INFO = NO;
				SDKROOT = iphoneos;
				TARGETED_DEVICE_FAMILY = "1,2";
				VALIDATE_PRODUCT = YES;
				VERSIONING_SYSTEM = "apple-generic";
				VERSION_INFO_PREFIX = "";
			};
			name = Release;
		};
		4110A4081F3C2F1C00EBA5F1 /* Debug */ = {
			isa = XCBuildConfiguration;
			buildSettings = {
				CODE_SIGN_IDENTITY = "";
				DEFINES_MODULE = YES;
				DEVELOPMENT_TEAM = D2XBEJ6876;
				DYLIB_COMPATIBILITY_VERSION = 1;
				DYLIB_CURRENT_VERSION = 1;
				DYLIB_INSTALL_NAME_BASE = "@rpath";
				FRAMEWORK_SEARCH_PATHS = (
					"$(inherited)",
					"$(PROJECT_DIR)/YDOpenHardware",
				);
				INFOPLIST_FILE = YDBluetoothWebBridge/Info.plist;
				INSTALL_PATH = "$(LOCAL_LIBRARY_DIR)/Frameworks";
				IPHONEOS_DEPLOYMENT_TARGET = 7.0;
				LD_RUNPATH_SEARCH_PATHS = "$(inherited) @executable_path/Frameworks @loader_path/Frameworks";
				MACH_O_TYPE = staticlib;
				PRODUCT_BUNDLE_IDENTIFIER = com.dtspread.apps.YDBluetoothWebBridge;
				PRODUCT_NAME = "$(TARGET_NAME)";
				SKIP_INSTALL = YES;
				VALID_ARCHS = "arm64 armv7 armv7s i386 x86_64";
			};
			name = Debug;
		};
		4110A4091F3C2F1C00EBA5F1 /* Release */ = {
			isa = XCBuildConfiguration;
			buildSettings = {
				CODE_SIGN_IDENTITY = "";
				DEFINES_MODULE = YES;
				DEVELOPMENT_TEAM = D2XBEJ6876;
				DYLIB_COMPATIBILITY_VERSION = 1;
				DYLIB_CURRENT_VERSION = 1;
				DYLIB_INSTALL_NAME_BASE = "@rpath";
				FRAMEWORK_SEARCH_PATHS = (
					"$(inherited)",
					"$(PROJECT_DIR)/YDOpenHardware",
				);
				INFOPLIST_FILE = YDBluetoothWebBridge/Info.plist;
				INSTALL_PATH = "$(LOCAL_LIBRARY_DIR)/Frameworks";
				IPHONEOS_DEPLOYMENT_TARGET = 7.0;
				LD_RUNPATH_SEARCH_PATHS = "$(inherited) @executable_path/Frameworks @loader_path/Frameworks";
				MACH_O_TYPE = staticlib;
				PRODUCT_BUNDLE_IDENTIFIER = com.dtspread.apps.YDBluetoothWebBridge;
				PRODUCT_NAME = "$(TARGET_NAME)";
				SKIP_INSTALL = YES;
				VALID_ARCHS = "arm64 armv7 armv7s i386 x86_64";
			};
			name = Release;
		};
		4110A5331F3C30A800EBA5F1 /* Debug */ = {
			isa = XCBuildConfiguration;
			buildSettings = {
				DEVELOPMENT_TEAM = D2XBEJ6876;
				PRODUCT_NAME = "$(TARGET_NAME)";
				VALID_ARCHS = "arm64 armv7 armv7s x86_64 i386";
			};
			name = Debug;
		};
		4110A5341F3C30A800EBA5F1 /* Release */ = {
			isa = XCBuildConfiguration;
			buildSettings = {
				DEVELOPMENT_TEAM = D2XBEJ6876;
				PRODUCT_NAME = "$(TARGET_NAME)";
				VALID_ARCHS = "arm64 armv7 armv7s x86_64 i386";
			};
			name = Release;
		};
/* End XCBuildConfiguration section */

/* Begin XCConfigurationList section */
		4110A3F91F3C2F1C00EBA5F1 /* Build configuration list for PBXProject "YDBluetoothWebBridge" */ = {
			isa = XCConfigurationList;
			buildConfigurations = (
				4110A4051F3C2F1C00EBA5F1 /* Debug */,
				4110A4061F3C2F1C00EBA5F1 /* Release */,
			);
			defaultConfigurationIsVisible = 0;
			defaultConfigurationName = Release;
		};
		4110A4071F3C2F1C00EBA5F1 /* Build configuration list for PBXNativeTarget "YDBluetoothWebBridge" */ = {
			isa = XCConfigurationList;
			buildConfigurations = (
				4110A4081F3C2F1C00EBA5F1 /* Debug */,
				4110A4091F3C2F1C00EBA5F1 /* Release */,
			);
			defaultConfigurationIsVisible = 0;
			defaultConfigurationName = Release;
		};
		4110A5321F3C30A800EBA5F1 /* Build configuration list for PBXAggregateTarget "YDBluetoothWebBridgeCreate" */ = {
			isa = XCConfigurationList;
			buildConfigurations = (
				4110A5331F3C30A800EBA5F1 /* Debug */,
				4110A5341F3C30A800EBA5F1 /* Release */,
			);
			defaultConfigurationIsVisible = 0;
		};
/* End XCConfigurationList section */
	};
	rootObject = 4110A3F61F3C2F1C00EBA5F1 /* Project object */;
}
