// !$*UTF8*$!
{
	archiveVersion = 1;
	classes = {
	};
	objectVersion = 46;
	objects = {

/* Begin PBXBuildFile section */
		11B82CCA432A7146826C13A1 /* libPods-YDOpenHardwareSimpleTests.a in Frameworks */ = {isa = PBXBuildFile; fileRef = F2C8C5E839CF20EF2B5AE7FF /* libPods-YDOpenHardwareSimpleTests.a */; };
		2D2143ECDF59385822D67DEA /* libPods-YDOpenHardwareSimpleUITests.a in Frameworks */ = {isa = PBXBuildFile; fileRef = E5A01A50428189855CC78A48 /* libPods-YDOpenHardwareSimpleUITests.a */; };
		411BD2FF1F42883300D8CB9A /* peripheralList.html in Resources */ = {isa = PBXBuildFile; fileRef = 411BD2F81F42881C00D8CB9A /* peripheralList.html */; };
		411BD3001F42883300D8CB9A /* S3.html in Resources */ = {isa = PBXBuildFile; fileRef = 411BD2F91F42881C00D8CB9A /* S3.html */; };
		411BD3011F42883300D8CB9A /* YDDatabaseOperation.html in Resources */ = {isa = PBXBuildFile; fileRef = 411BD2FA1F42881C00D8CB9A /* YDDatabaseOperation.html */; };
		411BD3021F42883300D8CB9A /* YDHeartRateDetail.html in Resources */ = {isa = PBXBuildFile; fileRef = 411BD2FB1F42881C00D8CB9A /* YDHeartRateDetail.html */; };
		411BD3031F42883300D8CB9A /* YDPeripheralDetail.html in Resources */ = {isa = PBXBuildFile; fileRef = 411BD2FC1F42881C00D8CB9A /* YDPeripheralDetail.html */; };
		411BD3041F42883300D8CB9A /* YDPeripheralList.html in Resources */ = {isa = PBXBuildFile; fileRef = 411BD2FD1F42881C00D8CB9A /* YDPeripheralList.html */; };
		411BD3051F42883300D8CB9A /* YDSleepDetail.html in Resources */ = {isa = PBXBuildFile; fileRef = 411BD2FE1F42881C00D8CB9A /* YDSleepDetail.html */; };
		411BD3101F42C47E00D8CB9A /* YDSetting.html in Resources */ = {isa = PBXBuildFile; fileRef = 411BD30F1F42C47800D8CB9A /* YDSetting.html */; };
		411ED0D51F308B7C0041909A /* ViewController.h in Sources */ = {isa = PBXBuildFile; fileRef = 4D6D8FD01C60E35800003AA0 /* ViewController.h */; };
		412B184E1F467E3A00028F3B /* YDBlueToothMgr.m in Sources */ = {isa = PBXBuildFile; fileRef = 412B184D1F467E3A00028F3B /* YDBlueToothMgr.m */; };
		412B187F1F467F5400028F3B /* UIViewController+YDNavigation.m in Sources */ = {isa = PBXBuildFile; fileRef = 412B186E1F467F5400028F3B /* UIViewController+YDNavigation.m */; };
		412B18801F467F5400028F3B /* UIViewController+YDViewController.m in Sources */ = {isa = PBXBuildFile; fileRef = 412B18701F467F5400028F3B /* UIViewController+YDViewController.m */; };
		412B18821F467F5400028F3B /* YDBridgeWebMgr.m in Sources */ = {isa = PBXBuildFile; fileRef = 412B18741F467F5400028F3B /* YDBridgeWebMgr.m */; };
		412B18831F467F5400028F3B /* YDBridgeWebView.m in Sources */ = {isa = PBXBuildFile; fileRef = 412B18761F467F5400028F3B /* YDBridgeWebView.m */; };
		412B18841F467F5400028F3B /* YDBridgeWebViewController.m in Sources */ = {isa = PBXBuildFile; fileRef = 412B18781F467F5400028F3B /* YDBridgeWebViewController.m */; };
		412B18851F467F5400028F3B /* YDMBaseViewController.m in Sources */ = {isa = PBXBuildFile; fileRef = 412B187B1F467F5400028F3B /* YDMBaseViewController.m */; };
		412B18861F467F5400028F3B /* YDRegisterInteractiveHtmlMethods.plist in Resources */ = {isa = PBXBuildFile; fileRef = 412B187C1F467F5400028F3B /* YDRegisterInteractiveHtmlMethods.plist */; };
		412B18871F467F5400028F3B /* YDWebNoNetworkView.m in Sources */ = {isa = PBXBuildFile; fileRef = 412B187E1F467F5400028F3B /* YDWebNoNetworkView.m */; };
		412B188D1F46819100028F3B /* YDBluetoothWebViewMgr.m in Sources */ = {isa = PBXBuildFile; fileRef = 412B188C1F46819100028F3B /* YDBluetoothWebViewMgr.m */; };
		412B18901F4681A700028F3B /* YDBluetoothWebViewMgr+WriteDatas.m in Sources */ = {isa = PBXBuildFile; fileRef = 412B188F1F4681A700028F3B /* YDBluetoothWebViewMgr+WriteDatas.m */; };
		413313CD1F46BA7900027D2B /* YDBluetoothWebViewMgr+ReadDatas.m in Sources */ = {isa = PBXBuildFile; fileRef = 413313CC1F46BA7900027D2B /* YDBluetoothWebViewMgr+ReadDatas.m */; };
		413313D01F46E40400027D2B /* YDBluetoothWebViewMgr+DB.m in Sources */ = {isa = PBXBuildFile; fileRef = 413313CF1F46E40400027D2B /* YDBluetoothWebViewMgr+DB.m */; };
		413313DD1F46F6E700027D2B /* YDBluetoothWebViewMgr+Tel.m in Sources */ = {isa = PBXBuildFile; fileRef = 413313DC1F46F6E700027D2B /* YDBluetoothWebViewMgr+Tel.m */; };
		415A54DF1F344B3A00BD61EA /* YDOpenHardwareCore.framework in Frameworks */ = {isa = PBXBuildFile; fileRef = 415A54DD1F344AD700BD61EA /* YDOpenHardwareCore.framework */; };
		415A54E01F344B3A00BD61EA /* YDOpenHardwareSDK.framework in Frameworks */ = {isa = PBXBuildFile; fileRef = 415A54DE1F344AD700BD61EA /* YDOpenHardwareSDK.framework */; };
		4182B02D1F45E1B7001A86EC /* CBService+YYModel.m in Sources */ = {isa = PBXBuildFile; fileRef = 4182B01A1F45E1B7001A86EC /* CBService+YYModel.m */; };
		4182B02E1F45E1B7001A86EC /* CWStatusBarNotification.m in Sources */ = {isa = PBXBuildFile; fileRef = 4182B01C1F45E1B7001A86EC /* CWStatusBarNotification.m */; };
		4182B02F1F45E1B7001A86EC /* NSData+YDConversion.m in Sources */ = {isa = PBXBuildFile; fileRef = 4182B01E1F45E1B7001A86EC /* NSData+YDConversion.m */; };
		4182B0301F45E1B7001A86EC /* NSString+YDContainsString.m in Sources */ = {isa = PBXBuildFile; fileRef = 4182B0201F45E1B7001A86EC /* NSString+YDContainsString.m */; };
		4182B0311F45E1B7001A86EC /* YDBluetoothWebViewMgr+Extension.m in Sources */ = {isa = PBXBuildFile; fileRef = 4182B0221F45E1B7001A86EC /* YDBluetoothWebViewMgr+Extension.m */; };
		4182B0321F45E1B7001A86EC /* YDBluetoothWebViewMgr+HtmlReigsterMothods.m in Sources */ = {isa = PBXBuildFile; fileRef = 4182B0241F45E1B7001A86EC /* YDBluetoothWebViewMgr+HtmlReigsterMothods.m */; };
		4182B0341F45E1B7001A86EC /* YDBluetoothWebViewMgr+Time.m in Sources */ = {isa = PBXBuildFile; fileRef = 4182B0281F45E1B7001A86EC /* YDBluetoothWebViewMgr+Time.m */; };
		4182B0351F45E1B7001A86EC /* YDConstants.m in Sources */ = {isa = PBXBuildFile; fileRef = 4182B02A1F45E1B7001A86EC /* YDConstants.m */; };
		4182B0361F45E1B7001A86EC /* YDPeripheralInfo.m in Sources */ = {isa = PBXBuildFile; fileRef = 4182B02C1F45E1B7001A86EC /* YDPeripheralInfo.m */; };
		41E8C47C1F415E6700C91C8D /* YDHtmlInteractiveTest.m in Sources */ = {isa = PBXBuildFile; fileRef = 41E8C47B1F415E6700C91C8D /* YDHtmlInteractiveTest.m */; };
		41E8C47F1F41728400C91C8D /* YDDatabaseTest.m in Sources */ = {isa = PBXBuildFile; fileRef = 41E8C47E1F41728400C91C8D /* YDDatabaseTest.m */; };
		4D6D8FCC1C60E35800003AA0 /* main.m in Sources */ = {isa = PBXBuildFile; fileRef = 4D6D8FCB1C60E35800003AA0 /* main.m */; };
		4D6D8FCF1C60E35800003AA0 /* AppDelegate.m in Sources */ = {isa = PBXBuildFile; fileRef = 4D6D8FCE1C60E35800003AA0 /* AppDelegate.m */; };
		4D6D8FD21C60E35800003AA0 /* ViewController.m in Sources */ = {isa = PBXBuildFile; fileRef = 4D6D8FD11C60E35800003AA0 /* ViewController.m */; };
		4D6D8FD51C60E35800003AA0 /* Main.storyboard in Resources */ = {isa = PBXBuildFile; fileRef = 4D6D8FD31C60E35800003AA0 /* Main.storyboard */; };
		4D6D8FD71C60E35900003AA0 /* Assets.xcassets in Resources */ = {isa = PBXBuildFile; fileRef = 4D6D8FD61C60E35900003AA0 /* Assets.xcassets */; };
		4D6D8FDA1C60E35900003AA0 /* LaunchScreen.storyboard in Resources */ = {isa = PBXBuildFile; fileRef = 4D6D8FD81C60E35900003AA0 /* LaunchScreen.storyboard */; };
		4D6D8FE51C60E35900003AA0 /* YDOpenHardwareSimpleTests.m in Sources */ = {isa = PBXBuildFile; fileRef = 4D6D8FE41C60E35900003AA0 /* YDOpenHardwareSimpleTests.m */; };
		4D6D8FF01C60E35900003AA0 /* YDOpenHardwareSimpleUITests.m in Sources */ = {isa = PBXBuildFile; fileRef = 4D6D8FEF1C60E35900003AA0 /* YDOpenHardwareSimpleUITests.m */; };
		4DB5ACEA1C732A7D00763E61 /* libsqlite3.tbd in Frameworks */ = {isa = PBXBuildFile; fileRef = 4DB5ACE91C732A7D00763E61 /* libsqlite3.tbd */; };
		9F5F0D99290CF496AF216787 /* libPods-YDOpenHardwareSimple.a in Frameworks */ = {isa = PBXBuildFile; fileRef = 76CB78CCC48F1E0E3A7C8984 /* libPods-YDOpenHardwareSimple.a */; };
/* End PBXBuildFile section */

/* Begin PBXContainerItemProxy section */
		4D6D8FE11C60E35900003AA0 /* PBXContainerItemProxy */ = {
			isa = PBXContainerItemProxy;
			containerPortal = 4D6D8FBF1C60E35800003AA0 /* Project object */;
			proxyType = 1;
			remoteGlobalIDString = 4D6D8FC61C60E35800003AA0;
			remoteInfo = YDOpenHardwareSimple;
		};
		4D6D8FEC1C60E35900003AA0 /* PBXContainerItemProxy */ = {
			isa = PBXContainerItemProxy;
			containerPortal = 4D6D8FBF1C60E35800003AA0 /* Project object */;
			proxyType = 1;
			remoteGlobalIDString = 4D6D8FC61C60E35800003AA0;
			remoteInfo = YDOpenHardwareSimple;
		};
/* End PBXContainerItemProxy section */

/* Begin PBXCopyFilesBuildPhase section */
		4195EFB71F3C0B43006CA7B6 /* Embed Frameworks */ = {
			isa = PBXCopyFilesBuildPhase;
			buildActionMask = 2147483647;
			dstPath = "";
			dstSubfolderSpec = 10;
			files = (
			);
			name = "Embed Frameworks";
			runOnlyForDeploymentPostprocessing = 0;
		};
/* End PBXCopyFilesBuildPhase section */

/* Begin PBXFileReference section */
		203E60A830441E97B860412C /* Pods-YDOpenHardwareSimple.debug.xcconfig */ = {isa = PBXFileReference; includeInIndex = 1; lastKnownFileType = text.xcconfig; name = "Pods-YDOpenHardwareSimple.debug.xcconfig"; path = "Pods/Target Support Files/Pods-YDOpenHardwareSimple/Pods-YDOpenHardwareSimple.debug.xcconfig"; sourceTree = "<group>"; };
		2F1AFCFF58DC1882D940A5DC /* Pods-YDOpenHardwareSimpleTests.debug.xcconfig */ = {isa = PBXFileReference; includeInIndex = 1; lastKnownFileType = text.xcconfig; name = "Pods-YDOpenHardwareSimpleTests.debug.xcconfig"; path = "Pods/Target Support Files/Pods-YDOpenHardwareSimpleTests/Pods-YDOpenHardwareSimpleTests.debug.xcconfig"; sourceTree = "<group>"; };
		411BD2F81F42881C00D8CB9A /* peripheralList.html */ = {isa = PBXFileReference; lastKnownFileType = text.html; path = peripheralList.html; sourceTree = "<group>"; };
		411BD2F91F42881C00D8CB9A /* S3.html */ = {isa = PBXFileReference; lastKnownFileType = text.html; path = S3.html; sourceTree = "<group>"; };
		411BD2FA1F42881C00D8CB9A /* YDDatabaseOperation.html */ = {isa = PBXFileReference; lastKnownFileType = text.html; path = YDDatabaseOperation.html; sourceTree = "<group>"; };
		411BD2FB1F42881C00D8CB9A /* YDHeartRateDetail.html */ = {isa = PBXFileReference; lastKnownFileType = text.html; path = YDHeartRateDetail.html; sourceTree = "<group>"; };
		411BD2FC1F42881C00D8CB9A /* YDPeripheralDetail.html */ = {isa = PBXFileReference; lastKnownFileType = text.html; path = YDPeripheralDetail.html; sourceTree = "<group>"; };
		411BD2FD1F42881C00D8CB9A /* YDPeripheralList.html */ = {isa = PBXFileReference; lastKnownFileType = text.html; path = YDPeripheralList.html; sourceTree = "<group>"; };
		411BD2FE1F42881C00D8CB9A /* YDSleepDetail.html */ = {isa = PBXFileReference; lastKnownFileType = text.html; path = YDSleepDetail.html; sourceTree = "<group>"; };
		411BD30F1F42C47800D8CB9A /* YDSetting.html */ = {isa = PBXFileReference; lastKnownFileType = text.html; path = YDSetting.html; sourceTree = "<group>"; };
		411ED0B01F3080DB0041909A /* YDOpenHardwareSDK.framework */ = {isa = PBXFileReference; lastKnownFileType = wrapper.framework; name = YDOpenHardwareSDK.framework; path = ../../../../Desktop/thirdpath/YDOpenHardwareSDK.framework; sourceTree = "<group>"; };
		411ED0B11F3080DB0041909A /* YDOpenHardwareCore.framework */ = {isa = PBXFileReference; lastKnownFileType = wrapper.framework; path = YDOpenHardwareCore.framework; sourceTree = "<group>"; };
		412B184C1F467E3A00028F3B /* YDBlueToothMgr.h */ = {isa = PBXFileReference; fileEncoding = 4; lastKnownFileType = sourcecode.c.h; path = YDBlueToothMgr.h; sourceTree = "<group>"; };
		412B184D1F467E3A00028F3B /* YDBlueToothMgr.m */ = {isa = PBXFileReference; fileEncoding = 4; lastKnownFileType = sourcecode.c.objc; path = YDBlueToothMgr.m; sourceTree = "<group>"; };
		412B186D1F467F5400028F3B /* UIViewController+YDNavigation.h */ = {isa = PBXFileReference; fileEncoding = 4; lastKnownFileType = sourcecode.c.h; path = "UIViewController+YDNavigation.h"; sourceTree = "<group>"; };
		412B186E1F467F5400028F3B /* UIViewController+YDNavigation.m */ = {isa = PBXFileReference; fileEncoding = 4; lastKnownFileType = sourcecode.c.objc; path = "UIViewController+YDNavigation.m"; sourceTree = "<group>"; };
		412B186F1F467F5400028F3B /* UIViewController+YDViewController.h */ = {isa = PBXFileReference; fileEncoding = 4; lastKnownFileType = sourcecode.c.h; path = "UIViewController+YDViewController.h"; sourceTree = "<group>"; };
		412B18701F467F5400028F3B /* UIViewController+YDViewController.m */ = {isa = PBXFileReference; fileEncoding = 4; lastKnownFileType = sourcecode.c.objc; path = "UIViewController+YDViewController.m"; sourceTree = "<group>"; };
		412B18731F467F5400028F3B /* YDBridgeWebMgr.h */ = {isa = PBXFileReference; fileEncoding = 4; lastKnownFileType = sourcecode.c.h; path = YDBridgeWebMgr.h; sourceTree = "<group>"; };
		412B18741F467F5400028F3B /* YDBridgeWebMgr.m */ = {isa = PBXFileReference; fileEncoding = 4; lastKnownFileType = sourcecode.c.objc; path = YDBridgeWebMgr.m; sourceTree = "<group>"; };
		412B18751F467F5400028F3B /* YDBridgeWebView.h */ = {isa = PBXFileReference; fileEncoding = 4; lastKnownFileType = sourcecode.c.h; path = YDBridgeWebView.h; sourceTree = "<group>"; };
		412B18761F467F5400028F3B /* YDBridgeWebView.m */ = {isa = PBXFileReference; fileEncoding = 4; lastKnownFileType = sourcecode.c.objc; path = YDBridgeWebView.m; sourceTree = "<group>"; };
		412B18771F467F5400028F3B /* YDBridgeWebViewController.h */ = {isa = PBXFileReference; fileEncoding = 4; lastKnownFileType = sourcecode.c.h; path = YDBridgeWebViewController.h; sourceTree = "<group>"; };
		412B18781F467F5400028F3B /* YDBridgeWebViewController.m */ = {isa = PBXFileReference; fileEncoding = 4; lastKnownFileType = sourcecode.c.objc; path = YDBridgeWebViewController.m; sourceTree = "<group>"; };
		412B187A1F467F5400028F3B /* YDMBaseViewController.h */ = {isa = PBXFileReference; fileEncoding = 4; lastKnownFileType = sourcecode.c.h; path = YDMBaseViewController.h; sourceTree = "<group>"; };
		412B187B1F467F5400028F3B /* YDMBaseViewController.m */ = {isa = PBXFileReference; fileEncoding = 4; lastKnownFileType = sourcecode.c.objc; path = YDMBaseViewController.m; sourceTree = "<group>"; };
		412B187C1F467F5400028F3B /* YDRegisterInteractiveHtmlMethods.plist */ = {isa = PBXFileReference; fileEncoding = 4; lastKnownFileType = text.plist.xml; path = YDRegisterInteractiveHtmlMethods.plist; sourceTree = "<group>"; };
		412B187D1F467F5400028F3B /* YDWebNoNetworkView.h */ = {isa = PBXFileReference; fileEncoding = 4; lastKnownFileType = sourcecode.c.h; path = YDWebNoNetworkView.h; sourceTree = "<group>"; };
		412B187E1F467F5400028F3B /* YDWebNoNetworkView.m */ = {isa = PBXFileReference; fileEncoding = 4; lastKnownFileType = sourcecode.c.objc; path = YDWebNoNetworkView.m; sourceTree = "<group>"; };
		412B188A1F46808B00028F3B /* YDBluetoohWebDefine.h */ = {isa = PBXFileReference; lastKnownFileType = sourcecode.c.h; path = YDBluetoohWebDefine.h; sourceTree = "<group>"; };
		412B188B1F46819100028F3B /* YDBluetoothWebViewMgr.h */ = {isa = PBXFileReference; fileEncoding = 4; lastKnownFileType = sourcecode.c.h; path = YDBluetoothWebViewMgr.h; sourceTree = "<group>"; };
		412B188C1F46819100028F3B /* YDBluetoothWebViewMgr.m */ = {isa = PBXFileReference; fileEncoding = 4; lastKnownFileType = sourcecode.c.objc; path = YDBluetoothWebViewMgr.m; sourceTree = "<group>"; };
		412B188E1F4681A700028F3B /* YDBluetoothWebViewMgr+WriteDatas.h */ = {isa = PBXFileReference; fileEncoding = 4; lastKnownFileType = sourcecode.c.h; path = "YDBluetoothWebViewMgr+WriteDatas.h"; sourceTree = "<group>"; };
		412B188F1F4681A700028F3B /* YDBluetoothWebViewMgr+WriteDatas.m */ = {isa = PBXFileReference; fileEncoding = 4; lastKnownFileType = sourcecode.c.objc; path = "YDBluetoothWebViewMgr+WriteDatas.m"; sourceTree = "<group>"; };
		413313CB1F46BA7900027D2B /* YDBluetoothWebViewMgr+ReadDatas.h */ = {isa = PBXFileReference; lastKnownFileType = sourcecode.c.h; path = "YDBluetoothWebViewMgr+ReadDatas.h"; sourceTree = "<group>"; };
		413313CC1F46BA7900027D2B /* YDBluetoothWebViewMgr+ReadDatas.m */ = {isa = PBXFileReference; lastKnownFileType = sourcecode.c.objc; path = "YDBluetoothWebViewMgr+ReadDatas.m"; sourceTree = "<group>"; };
		413313CE1F46E40400027D2B /* YDBluetoothWebViewMgr+DB.h */ = {isa = PBXFileReference; lastKnownFileType = sourcecode.c.h; path = "YDBluetoothWebViewMgr+DB.h"; sourceTree = "<group>"; };
		413313CF1F46E40400027D2B /* YDBluetoothWebViewMgr+DB.m */ = {isa = PBXFileReference; lastKnownFileType = sourcecode.c.objc; path = "YDBluetoothWebViewMgr+DB.m"; sourceTree = "<group>"; };
		413313DB1F46F6E700027D2B /* YDBluetoothWebViewMgr+Tel.h */ = {isa = PBXFileReference; lastKnownFileType = sourcecode.c.h; path = "YDBluetoothWebViewMgr+Tel.h"; sourceTree = "<group>"; };
		413313DC1F46F6E700027D2B /* YDBluetoothWebViewMgr+Tel.m */ = {isa = PBXFileReference; lastKnownFileType = sourcecode.c.objc; path = "YDBluetoothWebViewMgr+Tel.m"; sourceTree = "<group>"; };
		415A54DD1F344AD700BD61EA /* YDOpenHardwareCore.framework */ = {isa = PBXFileReference; lastKnownFileType = wrapper.framework; path = YDOpenHardwareCore.framework; sourceTree = "<group>"; };
		415A54DE1F344AD700BD61EA /* YDOpenHardwareSDK.framework */ = {isa = PBXFileReference; lastKnownFileType = wrapper.framework; path = YDOpenHardwareSDK.framework; sourceTree = "<group>"; };
		4182B0191F45E1B7001A86EC /* CBService+YYModel.h */ = {isa = PBXFileReference; fileEncoding = 4; lastKnownFileType = sourcecode.c.h; path = "CBService+YYModel.h"; sourceTree = "<group>"; };
		4182B01A1F45E1B7001A86EC /* CBService+YYModel.m */ = {isa = PBXFileReference; fileEncoding = 4; lastKnownFileType = sourcecode.c.objc; path = "CBService+YYModel.m"; sourceTree = "<group>"; };
		4182B01B1F45E1B7001A86EC /* CWStatusBarNotification.h */ = {isa = PBXFileReference; fileEncoding = 4; lastKnownFileType = sourcecode.c.h; path = CWStatusBarNotification.h; sourceTree = "<group>"; };
		4182B01C1F45E1B7001A86EC /* CWStatusBarNotification.m */ = {isa = PBXFileReference; fileEncoding = 4; lastKnownFileType = sourcecode.c.objc; path = CWStatusBarNotification.m; sourceTree = "<group>"; };
		4182B01D1F45E1B7001A86EC /* NSData+YDConversion.h */ = {isa = PBXFileReference; fileEncoding = 4; lastKnownFileType = sourcecode.c.h; path = "NSData+YDConversion.h"; sourceTree = "<group>"; };
		4182B01E1F45E1B7001A86EC /* NSData+YDConversion.m */ = {isa = PBXFileReference; fileEncoding = 4; lastKnownFileType = sourcecode.c.objc; path = "NSData+YDConversion.m"; sourceTree = "<group>"; };
		4182B01F1F45E1B7001A86EC /* NSString+YDContainsString.h */ = {isa = PBXFileReference; fileEncoding = 4; lastKnownFileType = sourcecode.c.h; path = "NSString+YDContainsString.h"; sourceTree = "<group>"; };
		4182B0201F45E1B7001A86EC /* NSString+YDContainsString.m */ = {isa = PBXFileReference; fileEncoding = 4; lastKnownFileType = sourcecode.c.objc; path = "NSString+YDContainsString.m"; sourceTree = "<group>"; };
		4182B0211F45E1B7001A86EC /* YDBluetoothWebViewMgr+Extension.h */ = {isa = PBXFileReference; fileEncoding = 4; lastKnownFileType = sourcecode.c.h; path = "YDBluetoothWebViewMgr+Extension.h"; sourceTree = "<group>"; };
		4182B0221F45E1B7001A86EC /* YDBluetoothWebViewMgr+Extension.m */ = {isa = PBXFileReference; fileEncoding = 4; lastKnownFileType = sourcecode.c.objc; path = "YDBluetoothWebViewMgr+Extension.m"; sourceTree = "<group>"; };
		4182B0231F45E1B7001A86EC /* YDBluetoothWebViewMgr+HtmlReigsterMothods.h */ = {isa = PBXFileReference; fileEncoding = 4; lastKnownFileType = sourcecode.c.h; path = "YDBluetoothWebViewMgr+HtmlReigsterMothods.h"; sourceTree = "<group>"; };
		4182B0241F45E1B7001A86EC /* YDBluetoothWebViewMgr+HtmlReigsterMothods.m */ = {isa = PBXFileReference; fileEncoding = 4; lastKnownFileType = sourcecode.c.objc; path = "YDBluetoothWebViewMgr+HtmlReigsterMothods.m"; sourceTree = "<group>"; };
		4182B0271F45E1B7001A86EC /* YDBluetoothWebViewMgr+Time.h */ = {isa = PBXFileReference; fileEncoding = 4; lastKnownFileType = sourcecode.c.h; path = "YDBluetoothWebViewMgr+Time.h"; sourceTree = "<group>"; };
		4182B0281F45E1B7001A86EC /* YDBluetoothWebViewMgr+Time.m */ = {isa = PBXFileReference; fileEncoding = 4; lastKnownFileType = sourcecode.c.objc; path = "YDBluetoothWebViewMgr+Time.m"; sourceTree = "<group>"; };
		4182B0291F45E1B7001A86EC /* YDConstants.h */ = {isa = PBXFileReference; fileEncoding = 4; lastKnownFileType = sourcecode.c.h; path = YDConstants.h; sourceTree = "<group>"; };
		4182B02A1F45E1B7001A86EC /* YDConstants.m */ = {isa = PBXFileReference; fileEncoding = 4; lastKnownFileType = sourcecode.c.objc; path = YDConstants.m; sourceTree = "<group>"; };
		4182B02B1F45E1B7001A86EC /* YDPeripheralInfo.h */ = {isa = PBXFileReference; fileEncoding = 4; lastKnownFileType = sourcecode.c.h; path = YDPeripheralInfo.h; sourceTree = "<group>"; };
		4182B02C1F45E1B7001A86EC /* YDPeripheralInfo.m */ = {isa = PBXFileReference; fileEncoding = 4; lastKnownFileType = sourcecode.c.objc; path = YDPeripheralInfo.m; sourceTree = "<group>"; };
		4195F1231F3C0FC5006CA7B6 /* UIKit.framework */ = {isa = PBXFileReference; lastKnownFileType = wrapper.framework; name = UIKit.framework; path = System/Library/Frameworks/UIKit.framework; sourceTree = SDKROOT; };
		4195F1251F3C0FE2006CA7B6 /* WebKit.framework */ = {isa = PBXFileReference; lastKnownFileType = wrapper.framework; name = WebKit.framework; path = System/Library/Frameworks/WebKit.framework; sourceTree = SDKROOT; };
		41E8C47B1F415E6700C91C8D /* YDHtmlInteractiveTest.m */ = {isa = PBXFileReference; lastKnownFileType = sourcecode.c.objc; path = YDHtmlInteractiveTest.m; sourceTree = "<group>"; };
		41E8C47E1F41728400C91C8D /* YDDatabaseTest.m */ = {isa = PBXFileReference; lastKnownFileType = sourcecode.c.objc; path = YDDatabaseTest.m; sourceTree = "<group>"; };
		4D6D8FC71C60E35800003AA0 /* YDOpenHardwareSimple.app */ = {isa = PBXFileReference; explicitFileType = wrapper.application; includeInIndex = 0; path = YDOpenHardwareSimple.app; sourceTree = BUILT_PRODUCTS_DIR; };
		4D6D8FCB1C60E35800003AA0 /* main.m */ = {isa = PBXFileReference; lastKnownFileType = sourcecode.c.objc; path = main.m; sourceTree = "<group>"; };
		4D6D8FCD1C60E35800003AA0 /* AppDelegate.h */ = {isa = PBXFileReference; lastKnownFileType = sourcecode.c.h; path = AppDelegate.h; sourceTree = "<group>"; };
		4D6D8FCE1C60E35800003AA0 /* AppDelegate.m */ = {isa = PBXFileReference; lastKnownFileType = sourcecode.c.objc; path = AppDelegate.m; sourceTree = "<group>"; };
		4D6D8FD01C60E35800003AA0 /* ViewController.h */ = {isa = PBXFileReference; lastKnownFileType = sourcecode.c.h; path = ViewController.h; sourceTree = "<group>"; };
		4D6D8FD11C60E35800003AA0 /* ViewController.m */ = {isa = PBXFileReference; lastKnownFileType = sourcecode.c.objc; path = ViewController.m; sourceTree = "<group>"; };
		4D6D8FD41C60E35800003AA0 /* Base */ = {isa = PBXFileReference; lastKnownFileType = file.storyboard; name = Base; path = Base.lproj/Main.storyboard; sourceTree = "<group>"; };
		4D6D8FD61C60E35900003AA0 /* Assets.xcassets */ = {isa = PBXFileReference; lastKnownFileType = folder.assetcatalog; path = Assets.xcassets; sourceTree = "<group>"; };
		4D6D8FD91C60E35900003AA0 /* Base */ = {isa = PBXFileReference; lastKnownFileType = file.storyboard; name = Base; path = Base.lproj/LaunchScreen.storyboard; sourceTree = "<group>"; };
		4D6D8FDB1C60E35900003AA0 /* Info.plist */ = {isa = PBXFileReference; lastKnownFileType = text.plist.xml; path = Info.plist; sourceTree = "<group>"; };
		4D6D8FE01C60E35900003AA0 /* YDOpenHardwareSimpleTests.xctest */ = {isa = PBXFileReference; explicitFileType = wrapper.cfbundle; includeInIndex = 0; path = YDOpenHardwareSimpleTests.xctest; sourceTree = BUILT_PRODUCTS_DIR; };
		4D6D8FE41C60E35900003AA0 /* YDOpenHardwareSimpleTests.m */ = {isa = PBXFileReference; lastKnownFileType = sourcecode.c.objc; path = YDOpenHardwareSimpleTests.m; sourceTree = "<group>"; };
		4D6D8FE61C60E35900003AA0 /* Info.plist */ = {isa = PBXFileReference; lastKnownFileType = text.plist.xml; path = Info.plist; sourceTree = "<group>"; };
		4D6D8FEB1C60E35900003AA0 /* YDOpenHardwareSimpleUITests.xctest */ = {isa = PBXFileReference; explicitFileType = wrapper.cfbundle; includeInIndex = 0; path = YDOpenHardwareSimpleUITests.xctest; sourceTree = BUILT_PRODUCTS_DIR; };
		4D6D8FEF1C60E35900003AA0 /* YDOpenHardwareSimpleUITests.m */ = {isa = PBXFileReference; lastKnownFileType = sourcecode.c.objc; path = YDOpenHardwareSimpleUITests.m; sourceTree = "<group>"; };
		4D6D8FF11C60E35900003AA0 /* Info.plist */ = {isa = PBXFileReference; lastKnownFileType = text.plist.xml; path = Info.plist; sourceTree = "<group>"; };
		4DB5ACE91C732A7D00763E61 /* libsqlite3.tbd */ = {isa = PBXFileReference; lastKnownFileType = "sourcecode.text-based-dylib-definition"; name = libsqlite3.tbd; path = usr/lib/libsqlite3.tbd; sourceTree = SDKROOT; };
		5356DB0B1890D9BD48637937 /* Pods-YDOpenHardwareSimple.release.xcconfig */ = {isa = PBXFileReference; includeInIndex = 1; lastKnownFileType = text.xcconfig; name = "Pods-YDOpenHardwareSimple.release.xcconfig"; path = "Pods/Target Support Files/Pods-YDOpenHardwareSimple/Pods-YDOpenHardwareSimple.release.xcconfig"; sourceTree = "<group>"; };
		76CB78CCC48F1E0E3A7C8984 /* libPods-YDOpenHardwareSimple.a */ = {isa = PBXFileReference; explicitFileType = archive.ar; includeInIndex = 0; path = "libPods-YDOpenHardwareSimple.a"; sourceTree = BUILT_PRODUCTS_DIR; };
		80DC7CEA71F6A7E0D11A7DC2 /* Pods-YDOpenHardwareSimpleUITests.release.xcconfig */ = {isa = PBXFileReference; includeInIndex = 1; lastKnownFileType = text.xcconfig; name = "Pods-YDOpenHardwareSimpleUITests.release.xcconfig"; path = "Pods/Target Support Files/Pods-YDOpenHardwareSimpleUITests/Pods-YDOpenHardwareSimpleUITests.release.xcconfig"; sourceTree = "<group>"; };
		9CEF731D04C61A03A37784B8 /* Pods-YDOpenHardwareSimpleUITests.debug.xcconfig */ = {isa = PBXFileReference; includeInIndex = 1; lastKnownFileType = text.xcconfig; name = "Pods-YDOpenHardwareSimpleUITests.debug.xcconfig"; path = "Pods/Target Support Files/Pods-YDOpenHardwareSimpleUITests/Pods-YDOpenHardwareSimpleUITests.debug.xcconfig"; sourceTree = "<group>"; };
		E5A01A50428189855CC78A48 /* libPods-YDOpenHardwareSimpleUITests.a */ = {isa = PBXFileReference; explicitFileType = archive.ar; includeInIndex = 0; path = "libPods-YDOpenHardwareSimpleUITests.a"; sourceTree = BUILT_PRODUCTS_DIR; };
		E6CA65630BF32A71DE9F9185 /* Pods-YDOpenHardwareSimpleTests.release.xcconfig */ = {isa = PBXFileReference; includeInIndex = 1; lastKnownFileType = text.xcconfig; name = "Pods-YDOpenHardwareSimpleTests.release.xcconfig"; path = "Pods/Target Support Files/Pods-YDOpenHardwareSimpleTests/Pods-YDOpenHardwareSimpleTests.release.xcconfig"; sourceTree = "<group>"; };
		F2C8C5E839CF20EF2B5AE7FF /* libPods-YDOpenHardwareSimpleTests.a */ = {isa = PBXFileReference; explicitFileType = archive.ar; includeInIndex = 0; path = "libPods-YDOpenHardwareSimpleTests.a"; sourceTree = BUILT_PRODUCTS_DIR; };
/* End PBXFileReference section */

/* Begin PBXFrameworksBuildPhase section */
		4D6D8FC41C60E35800003AA0 /* Frameworks */ = {
			isa = PBXFrameworksBuildPhase;
			buildActionMask = 2147483647;
			files = (
				415A54DF1F344B3A00BD61EA /* YDOpenHardwareCore.framework in Frameworks */,
				415A54E01F344B3A00BD61EA /* YDOpenHardwareSDK.framework in Frameworks */,
				4DB5ACEA1C732A7D00763E61 /* libsqlite3.tbd in Frameworks */,
				9F5F0D99290CF496AF216787 /* libPods-YDOpenHardwareSimple.a in Frameworks */,
			);
			runOnlyForDeploymentPostprocessing = 0;
		};
		4D6D8FDD1C60E35900003AA0 /* Frameworks */ = {
			isa = PBXFrameworksBuildPhase;
			buildActionMask = 2147483647;
			files = (
				11B82CCA432A7146826C13A1 /* libPods-YDOpenHardwareSimpleTests.a in Frameworks */,
			);
			runOnlyForDeploymentPostprocessing = 0;
		};
		4D6D8FE81C60E35900003AA0 /* Frameworks */ = {
			isa = PBXFrameworksBuildPhase;
			buildActionMask = 2147483647;
			files = (
				2D2143ECDF59385822D67DEA /* libPods-YDOpenHardwareSimpleUITests.a in Frameworks */,
			);
			runOnlyForDeploymentPostprocessing = 0;
		};
/* End PBXFrameworksBuildPhase section */

/* Begin PBXGroup section */
		0F29F4D5F8F952C171B68864 /* Pods */ = {
			isa = PBXGroup;
			children = (
				203E60A830441E97B860412C /* Pods-YDOpenHardwareSimple.debug.xcconfig */,
				5356DB0B1890D9BD48637937 /* Pods-YDOpenHardwareSimple.release.xcconfig */,
				2F1AFCFF58DC1882D940A5DC /* Pods-YDOpenHardwareSimpleTests.debug.xcconfig */,
				E6CA65630BF32A71DE9F9185 /* Pods-YDOpenHardwareSimpleTests.release.xcconfig */,
				9CEF731D04C61A03A37784B8 /* Pods-YDOpenHardwareSimpleUITests.debug.xcconfig */,
				80DC7CEA71F6A7E0D11A7DC2 /* Pods-YDOpenHardwareSimpleUITests.release.xcconfig */,
			);
			name = Pods;
			sourceTree = "<group>";
		};
		411BD2F71F42881C00D8CB9A /* html */ = {
			isa = PBXGroup;
			children = (
				411BD30F1F42C47800D8CB9A /* YDSetting.html */,
				411BD2F81F42881C00D8CB9A /* peripheralList.html */,
				411BD2F91F42881C00D8CB9A /* S3.html */,
				411BD2FA1F42881C00D8CB9A /* YDDatabaseOperation.html */,
				411BD2FB1F42881C00D8CB9A /* YDHeartRateDetail.html */,
				411BD2FC1F42881C00D8CB9A /* YDPeripheralDetail.html */,
				411BD2FD1F42881C00D8CB9A /* YDPeripheralList.html */,
				411BD2FE1F42881C00D8CB9A /* YDSleepDetail.html */,
			);
			path = html;
			sourceTree = "<group>";
		};
		412B186C1F467F5400028F3B /* BridgeWeb */ = {
			isa = PBXGroup;
			children = (
				412B18771F467F5400028F3B /* YDBridgeWebViewController.h */,
				412B18781F467F5400028F3B /* YDBridgeWebViewController.m */,
				412B188A1F46808B00028F3B /* YDBluetoohWebDefine.h */,
				412B187A1F467F5400028F3B /* YDMBaseViewController.h */,
				412B187B1F467F5400028F3B /* YDMBaseViewController.m */,
				412B187D1F467F5400028F3B /* YDWebNoNetworkView.h */,
				412B187E1F467F5400028F3B /* YDWebNoNetworkView.m */,
			);
			path = BridgeWeb;
			sourceTree = "<group>";
		};
		413313D11F46E43D00027D2B /* Category */ = {
			isa = PBXGroup;
			children = (
				413313D51F46EAF400027D2B /* YDBluetoothWebViewMgrCategory */,
				413313D31F46EAC100027D2B /* NomalCategory */,
			);
			path = Category;
			sourceTree = "<group>";
		};
		413313D21F46EA6C00027D2B /* HelpTestEnvironment */ = {
			isa = PBXGroup;
			children = (
				4182B0211F45E1B7001A86EC /* YDBluetoothWebViewMgr+Extension.h */,
				4182B0221F45E1B7001A86EC /* YDBluetoothWebViewMgr+Extension.m */,
				413313CB1F46BA7900027D2B /* YDBluetoothWebViewMgr+ReadDatas.h */,
				413313CC1F46BA7900027D2B /* YDBluetoothWebViewMgr+ReadDatas.m */,
				412B188E1F4681A700028F3B /* YDBluetoothWebViewMgr+WriteDatas.h */,
				412B188F1F4681A700028F3B /* YDBluetoothWebViewMgr+WriteDatas.m */,
				4182B0231F45E1B7001A86EC /* YDBluetoothWebViewMgr+HtmlReigsterMothods.h */,
				4182B0241F45E1B7001A86EC /* YDBluetoothWebViewMgr+HtmlReigsterMothods.m */,
			);
			path = HelpTestEnvironment;
			sourceTree = "<group>";
		};
		413313D31F46EAC100027D2B /* NomalCategory */ = {
			isa = PBXGroup;
			children = (
				412B186D1F467F5400028F3B /* UIViewController+YDNavigation.h */,
				412B186E1F467F5400028F3B /* UIViewController+YDNavigation.m */,
				412B186F1F467F5400028F3B /* UIViewController+YDViewController.h */,
				412B18701F467F5400028F3B /* UIViewController+YDViewController.m */,
				4182B0191F45E1B7001A86EC /* CBService+YYModel.h */,
				4182B01A1F45E1B7001A86EC /* CBService+YYModel.m */,
				4182B01D1F45E1B7001A86EC /* NSData+YDConversion.h */,
				4182B01E1F45E1B7001A86EC /* NSData+YDConversion.m */,
				4182B01F1F45E1B7001A86EC /* NSString+YDContainsString.h */,
				4182B0201F45E1B7001A86EC /* NSString+YDContainsString.m */,
			);
			path = NomalCategory;
			sourceTree = "<group>";
		};
		413313D51F46EAF400027D2B /* YDBluetoothWebViewMgrCategory */ = {
			isa = PBXGroup;
			children = (
				4182B0271F45E1B7001A86EC /* YDBluetoothWebViewMgr+Time.h */,
				4182B0281F45E1B7001A86EC /* YDBluetoothWebViewMgr+Time.m */,
				413313CE1F46E40400027D2B /* YDBluetoothWebViewMgr+DB.h */,
				413313CF1F46E40400027D2B /* YDBluetoothWebViewMgr+DB.m */,
				413313DB1F46F6E700027D2B /* YDBluetoothWebViewMgr+Tel.h */,
				413313DC1F46F6E700027D2B /* YDBluetoothWebViewMgr+Tel.m */,
			);
			path = YDBluetoothWebViewMgrCategory;
			sourceTree = "<group>";
		};
		413313D61F46EB5200027D2B /* Helper */ = {
			isa = PBXGroup;
			children = (
				4182B01B1F45E1B7001A86EC /* CWStatusBarNotification.h */,
				4182B01C1F45E1B7001A86EC /* CWStatusBarNotification.m */,
				4182B0291F45E1B7001A86EC /* YDConstants.h */,
				4182B02A1F45E1B7001A86EC /* YDConstants.m */,
				4182B02B1F45E1B7001A86EC /* YDPeripheralInfo.h */,
				4182B02C1F45E1B7001A86EC /* YDPeripheralInfo.m */,
				412B18731F467F5400028F3B /* YDBridgeWebMgr.h */,
				412B18741F467F5400028F3B /* YDBridgeWebMgr.m */,
				412B18751F467F5400028F3B /* YDBridgeWebView.h */,
				412B18761F467F5400028F3B /* YDBridgeWebView.m */,
			);
			path = Helper;
			sourceTree = "<group>";
		};
		413313D71F46F03100027D2B /* Bundle */ = {
			isa = PBXGroup;
			children = (
				412B187C1F467F5400028F3B /* YDRegisterInteractiveHtmlMethods.plist */,
			);
			path = Bundle;
			sourceTree = "<group>";
		};
		415A54DC1F344AD700BD61EA /* Framework */ = {
			isa = PBXGroup;
			children = (
				415A54DD1F344AD700BD61EA /* YDOpenHardwareCore.framework */,
				415A54DE1F344AD700BD61EA /* YDOpenHardwareSDK.framework */,
			);
			path = Framework;
			sourceTree = "<group>";
		};
		415C6AAF1F305D7E007BE9DA /* Bluetooth */ = {
			isa = PBXGroup;
			children = (
				413313D71F46F03100027D2B /* Bundle */,
				413313D61F46EB5200027D2B /* Helper */,
				413313D21F46EA6C00027D2B /* HelpTestEnvironment */,
				413313D11F46E43D00027D2B /* Category */,
				412B186C1F467F5400028F3B /* BridgeWeb */,
				4182B0141F45E14B001A86EC /* BLE */,
				411BD2F71F42881C00D8CB9A /* html */,
			);
			path = Bluetooth;
			sourceTree = "<group>";
		};
		4182B0141F45E14B001A86EC /* BLE */ = {
			isa = PBXGroup;
			children = (
				412B188B1F46819100028F3B /* YDBluetoothWebViewMgr.h */,
				412B188C1F46819100028F3B /* YDBluetoothWebViewMgr.m */,
				412B184C1F467E3A00028F3B /* YDBlueToothMgr.h */,
				412B184D1F467E3A00028F3B /* YDBlueToothMgr.m */,
			);
			path = BLE;
			sourceTree = "<group>";
		};
		4D6D8FBE1C60E35800003AA0 = {
			isa = PBXGroup;
			children = (
				4DB5ACE91C732A7D00763E61 /* libsqlite3.tbd */,
				4D6D8FC91C60E35800003AA0 /* YDOpenHardwareSimple */,
				4D6D8FE31C60E35900003AA0 /* YDOpenHardwareSimpleTests */,
				4D6D8FEE1C60E35900003AA0 /* YDOpenHardwareSimpleUITests */,
				4D6D8FC81C60E35800003AA0 /* Products */,
				F8F9B82F1929C46A8859D4BE /* Frameworks */,
				0F29F4D5F8F952C171B68864 /* Pods */,
			);
			sourceTree = "<group>";
		};
		4D6D8FC81C60E35800003AA0 /* Products */ = {
			isa = PBXGroup;
			children = (
				4D6D8FC71C60E35800003AA0 /* YDOpenHardwareSimple.app */,
				4D6D8FE01C60E35900003AA0 /* YDOpenHardwareSimpleTests.xctest */,
				4D6D8FEB1C60E35900003AA0 /* YDOpenHardwareSimpleUITests.xctest */,
			);
			name = Products;
			sourceTree = "<group>";
		};
		4D6D8FC91C60E35800003AA0 /* YDOpenHardwareSimple */ = {
			isa = PBXGroup;
			children = (
				4D6D8FCD1C60E35800003AA0 /* AppDelegate.h */,
				4D6D8FCE1C60E35800003AA0 /* AppDelegate.m */,
				4D6D8FD01C60E35800003AA0 /* ViewController.h */,
				4D6D8FD11C60E35800003AA0 /* ViewController.m */,
				4D6D8FD31C60E35800003AA0 /* Main.storyboard */,
				415A54DC1F344AD700BD61EA /* Framework */,
				415C6AAF1F305D7E007BE9DA /* Bluetooth */,
				4D6D8FD61C60E35900003AA0 /* Assets.xcassets */,
				4D6D8FD81C60E35900003AA0 /* LaunchScreen.storyboard */,
				4D6D8FDB1C60E35900003AA0 /* Info.plist */,
				4D6D8FCA1C60E35800003AA0 /* Supporting Files */,
			);
			path = YDOpenHardwareSimple;
			sourceTree = "<group>";
		};
		4D6D8FCA1C60E35800003AA0 /* Supporting Files */ = {
			isa = PBXGroup;
			children = (
				411ED0B11F3080DB0041909A /* YDOpenHardwareCore.framework */,
				411ED0B01F3080DB0041909A /* YDOpenHardwareSDK.framework */,
				4D6D8FCB1C60E35800003AA0 /* main.m */,
			);
			name = "Supporting Files";
			sourceTree = "<group>";
		};
		4D6D8FE31C60E35900003AA0 /* YDOpenHardwareSimpleTests */ = {
			isa = PBXGroup;
			children = (
				4D6D8FE41C60E35900003AA0 /* YDOpenHardwareSimpleTests.m */,
				41E8C47B1F415E6700C91C8D /* YDHtmlInteractiveTest.m */,
				41E8C47E1F41728400C91C8D /* YDDatabaseTest.m */,
				4D6D8FE61C60E35900003AA0 /* Info.plist */,
			);
			path = YDOpenHardwareSimpleTests;
			sourceTree = "<group>";
		};
		4D6D8FEE1C60E35900003AA0 /* YDOpenHardwareSimpleUITests */ = {
			isa = PBXGroup;
			children = (
				4D6D8FEF1C60E35900003AA0 /* YDOpenHardwareSimpleUITests.m */,
				4D6D8FF11C60E35900003AA0 /* Info.plist */,
			);
			path = YDOpenHardwareSimpleUITests;
			sourceTree = "<group>";
		};
		F8F9B82F1929C46A8859D4BE /* Frameworks */ = {
			isa = PBXGroup;
			children = (
				4195F1251F3C0FE2006CA7B6 /* WebKit.framework */,
				4195F1231F3C0FC5006CA7B6 /* UIKit.framework */,
				76CB78CCC48F1E0E3A7C8984 /* libPods-YDOpenHardwareSimple.a */,
				F2C8C5E839CF20EF2B5AE7FF /* libPods-YDOpenHardwareSimpleTests.a */,
				E5A01A50428189855CC78A48 /* libPods-YDOpenHardwareSimpleUITests.a */,
			);
			name = Frameworks;
			sourceTree = "<group>";
		};
/* End PBXGroup section */

/* Begin PBXNativeTarget section */
		4D6D8FC61C60E35800003AA0 /* YDOpenHardwareSimple */ = {
			isa = PBXNativeTarget;
			buildConfigurationList = 4D6D8FF41C60E35900003AA0 /* Build configuration list for PBXNativeTarget "YDOpenHardwareSimple" */;
			buildPhases = (
				F22F182B39CE0FE056694D4A /* [CP] Check Pods Manifest.lock */,
				4D6D8FC31C60E35800003AA0 /* Sources */,
				4D6D8FC41C60E35800003AA0 /* Frameworks */,
				4D6D8FC51C60E35800003AA0 /* Resources */,
				534D3728E573B38A4360D8F3 /* [CP] Embed Pods Frameworks */,
				4C84611F3CC664B8D7F39C9C /* [CP] Copy Pods Resources */,
				4195EFB71F3C0B43006CA7B6 /* Embed Frameworks */,
			);
			buildRules = (
			);
			dependencies = (
			);
			name = YDOpenHardwareSimple;
			productName = YDOpenHardwareSimple;
			productReference = 4D6D8FC71C60E35800003AA0 /* YDOpenHardwareSimple.app */;
			productType = "com.apple.product-type.application";
		};
		4D6D8FDF1C60E35900003AA0 /* YDOpenHardwareSimpleTests */ = {
			isa = PBXNativeTarget;
			buildConfigurationList = 4D6D8FF71C60E35900003AA0 /* Build configuration list for PBXNativeTarget "YDOpenHardwareSimpleTests" */;
			buildPhases = (
				15255EB057F5EBCEBBF32FF1 /* [CP] Check Pods Manifest.lock */,
				4D6D8FDC1C60E35900003AA0 /* Sources */,
				4D6D8FDD1C60E35900003AA0 /* Frameworks */,
				4D6D8FDE1C60E35900003AA0 /* Resources */,
				2816A37896FB92D7ED21207D /* [CP] Embed Pods Frameworks */,
				25007ECDB9107E74AB156B82 /* [CP] Copy Pods Resources */,
			);
			buildRules = (
			);
			dependencies = (
				4D6D8FE21C60E35900003AA0 /* PBXTargetDependency */,
			);
			name = YDOpenHardwareSimpleTests;
			productName = YDOpenHardwareSimpleTests;
			productReference = 4D6D8FE01C60E35900003AA0 /* YDOpenHardwareSimpleTests.xctest */;
			productType = "com.apple.product-type.bundle.unit-test";
		};
		4D6D8FEA1C60E35900003AA0 /* YDOpenHardwareSimpleUITests */ = {
			isa = PBXNativeTarget;
			buildConfigurationList = 4D6D8FFA1C60E35900003AA0 /* Build configuration list for PBXNativeTarget "YDOpenHardwareSimpleUITests" */;
			buildPhases = (
				62950A4E5F95FEDED4DF37D0 /* [CP] Check Pods Manifest.lock */,
				4D6D8FE71C60E35900003AA0 /* Sources */,
				4D6D8FE81C60E35900003AA0 /* Frameworks */,
				4D6D8FE91C60E35900003AA0 /* Resources */,
				E7C67BF813CC3694747F5393 /* [CP] Embed Pods Frameworks */,
				05981197787AC7B312D5C7A3 /* [CP] Copy Pods Resources */,
			);
			buildRules = (
			);
			dependencies = (
				4D6D8FED1C60E35900003AA0 /* PBXTargetDependency */,
			);
			name = YDOpenHardwareSimpleUITests;
			productName = YDOpenHardwareSimpleUITests;
			productReference = 4D6D8FEB1C60E35900003AA0 /* YDOpenHardwareSimpleUITests.xctest */;
			productType = "com.apple.product-type.bundle.ui-testing";
		};
/* End PBXNativeTarget section */

/* Begin PBXProject section */
		4D6D8FBF1C60E35800003AA0 /* Project object */ = {
			isa = PBXProject;
			attributes = {
				LastUpgradeCheck = 0720;
				ORGANIZATIONNAME = YD;
				TargetAttributes = {
					4D6D8FC61C60E35800003AA0 = {
						CreatedOnToolsVersion = 7.2;
						DevelopmentTeam = 2ERYNAFK87;
					};
					4D6D8FDF1C60E35900003AA0 = {
						CreatedOnToolsVersion = 7.2;
						TestTargetID = 4D6D8FC61C60E35800003AA0;
					};
					4D6D8FEA1C60E35900003AA0 = {
						CreatedOnToolsVersion = 7.2;
						TestTargetID = 4D6D8FC61C60E35800003AA0;
					};
				};
			};
			buildConfigurationList = 4D6D8FC21C60E35800003AA0 /* Build configuration list for PBXProject "_YDBridgeWebViewController" */;
			compatibilityVersion = "Xcode 3.2";
			developmentRegion = English;
			hasScannedForEncodings = 0;
			knownRegions = (
				en,
				Base,
			);
			mainGroup = 4D6D8FBE1C60E35800003AA0;
			productRefGroup = 4D6D8FC81C60E35800003AA0 /* Products */;
			projectDirPath = "";
			projectRoot = "";
			targets = (
				4D6D8FC61C60E35800003AA0 /* YDOpenHardwareSimple */,
				4D6D8FDF1C60E35900003AA0 /* YDOpenHardwareSimpleTests */,
				4D6D8FEA1C60E35900003AA0 /* YDOpenHardwareSimpleUITests */,
			);
		};
/* End PBXProject section */

/* Begin PBXResourcesBuildPhase section */
		4D6D8FC51C60E35800003AA0 /* Resources */ = {
			isa = PBXResourcesBuildPhase;
			buildActionMask = 2147483647;
			files = (
				411BD3101F42C47E00D8CB9A /* YDSetting.html in Resources */,
				412B18861F467F5400028F3B /* YDRegisterInteractiveHtmlMethods.plist in Resources */,
				411BD2FF1F42883300D8CB9A /* peripheralList.html in Resources */,
				411BD3001F42883300D8CB9A /* S3.html in Resources */,
				411BD3011F42883300D8CB9A /* YDDatabaseOperation.html in Resources */,
				411BD3021F42883300D8CB9A /* YDHeartRateDetail.html in Resources */,
				411BD3031F42883300D8CB9A /* YDPeripheralDetail.html in Resources */,
				411BD3041F42883300D8CB9A /* YDPeripheralList.html in Resources */,
				411BD3051F42883300D8CB9A /* YDSleepDetail.html in Resources */,
				4D6D8FDA1C60E35900003AA0 /* LaunchScreen.storyboard in Resources */,
				4D6D8FD71C60E35900003AA0 /* Assets.xcassets in Resources */,
				4D6D8FD51C60E35800003AA0 /* Main.storyboard in Resources */,
			);
			runOnlyForDeploymentPostprocessing = 0;
		};
		4D6D8FDE1C60E35900003AA0 /* Resources */ = {
			isa = PBXResourcesBuildPhase;
			buildActionMask = 2147483647;
			files = (
			);
			runOnlyForDeploymentPostprocessing = 0;
		};
		4D6D8FE91C60E35900003AA0 /* Resources */ = {
			isa = PBXResourcesBuildPhase;
			buildActionMask = 2147483647;
			files = (
			);
			runOnlyForDeploymentPostprocessing = 0;
		};
/* End PBXResourcesBuildPhase section */

/* Begin PBXShellScriptBuildPhase section */
		05981197787AC7B312D5C7A3 /* [CP] Copy Pods Resources */ = {
			isa = PBXShellScriptBuildPhase;
			buildActionMask = 2147483647;
			files = (
			);
			inputPaths = (
			);
			name = "[CP] Copy Pods Resources";
			outputPaths = (
			);
			runOnlyForDeploymentPostprocessing = 0;
			shellPath = /bin/sh;
			shellScript = "\"${SRCROOT}/Pods/Target Support Files/Pods-YDOpenHardwareSimpleUITests/Pods-YDOpenHardwareSimpleUITests-resources.sh\"\n";
			showEnvVarsInLog = 0;
		};
		15255EB057F5EBCEBBF32FF1 /* [CP] Check Pods Manifest.lock */ = {
			isa = PBXShellScriptBuildPhase;
			buildActionMask = 2147483647;
			files = (
			);
			inputPaths = (
			);
			name = "[CP] Check Pods Manifest.lock";
			outputPaths = (
			);
			runOnlyForDeploymentPostprocessing = 0;
			shellPath = /bin/sh;
			shellScript = "diff \"${PODS_PODFILE_DIR_PATH}/Podfile.lock\" \"${PODS_ROOT}/Manifest.lock\" > /dev/null\nif [ $? != 0 ] ; then\n    # print error to STDERR\n    echo \"error: The sandbox is not in sync with the Podfile.lock. Run 'pod install' or update your CocoaPods installation.\" >&2\n    exit 1\nfi\n";
			showEnvVarsInLog = 0;
		};
		25007ECDB9107E74AB156B82 /* [CP] Copy Pods Resources */ = {
			isa = PBXShellScriptBuildPhase;
			buildActionMask = 2147483647;
			files = (
			);
			inputPaths = (
			);
			name = "[CP] Copy Pods Resources";
			outputPaths = (
			);
			runOnlyForDeploymentPostprocessing = 0;
			shellPath = /bin/sh;
			shellScript = "\"${SRCROOT}/Pods/Target Support Files/Pods-YDOpenHardwareSimpleTests/Pods-YDOpenHardwareSimpleTests-resources.sh\"\n";
			showEnvVarsInLog = 0;
		};
		2816A37896FB92D7ED21207D /* [CP] Embed Pods Frameworks */ = {
			isa = PBXShellScriptBuildPhase;
			buildActionMask = 2147483647;
			files = (
			);
			inputPaths = (
			);
			name = "[CP] Embed Pods Frameworks";
			outputPaths = (
			);
			runOnlyForDeploymentPostprocessing = 0;
			shellPath = /bin/sh;
			shellScript = "\"${SRCROOT}/Pods/Target Support Files/Pods-YDOpenHardwareSimpleTests/Pods-YDOpenHardwareSimpleTests-frameworks.sh\"\n";
			showEnvVarsInLog = 0;
		};
		4C84611F3CC664B8D7F39C9C /* [CP] Copy Pods Resources */ = {
			isa = PBXShellScriptBuildPhase;
			buildActionMask = 2147483647;
			files = (
			);
			inputPaths = (
			);
			name = "[CP] Copy Pods Resources";
			outputPaths = (
			);
			runOnlyForDeploymentPostprocessing = 0;
			shellPath = /bin/sh;
			shellScript = "\"${SRCROOT}/Pods/Target Support Files/Pods-YDOpenHardwareSimple/Pods-YDOpenHardwareSimple-resources.sh\"\n";
			showEnvVarsInLog = 0;
		};
		534D3728E573B38A4360D8F3 /* [CP] Embed Pods Frameworks */ = {
			isa = PBXShellScriptBuildPhase;
			buildActionMask = 2147483647;
			files = (
			);
			inputPaths = (
			);
			name = "[CP] Embed Pods Frameworks";
			outputPaths = (
			);
			runOnlyForDeploymentPostprocessing = 0;
			shellPath = /bin/sh;
			shellScript = "\"${SRCROOT}/Pods/Target Support Files/Pods-YDOpenHardwareSimple/Pods-YDOpenHardwareSimple-frameworks.sh\"\n";
			showEnvVarsInLog = 0;
		};
		62950A4E5F95FEDED4DF37D0 /* [CP] Check Pods Manifest.lock */ = {
			isa = PBXShellScriptBuildPhase;
			buildActionMask = 2147483647;
			files = (
			);
			inputPaths = (
			);
			name = "[CP] Check Pods Manifest.lock";
			outputPaths = (
			);
			runOnlyForDeploymentPostprocessing = 0;
			shellPath = /bin/sh;
			shellScript = "diff \"${PODS_PODFILE_DIR_PATH}/Podfile.lock\" \"${PODS_ROOT}/Manifest.lock\" > /dev/null\nif [ $? != 0 ] ; then\n    # print error to STDERR\n    echo \"error: The sandbox is not in sync with the Podfile.lock. Run 'pod install' or update your CocoaPods installation.\" >&2\n    exit 1\nfi\n";
			showEnvVarsInLog = 0;
		};
		E7C67BF813CC3694747F5393 /* [CP] Embed Pods Frameworks */ = {
			isa = PBXShellScriptBuildPhase;
			buildActionMask = 2147483647;
			files = (
			);
			inputPaths = (
			);
			name = "[CP] Embed Pods Frameworks";
			outputPaths = (
			);
			runOnlyForDeploymentPostprocessing = 0;
			shellPath = /bin/sh;
			shellScript = "\"${SRCROOT}/Pods/Target Support Files/Pods-YDOpenHardwareSimpleUITests/Pods-YDOpenHardwareSimpleUITests-frameworks.sh\"\n";
			showEnvVarsInLog = 0;
		};
		F22F182B39CE0FE056694D4A /* [CP] Check Pods Manifest.lock */ = {
			isa = PBXShellScriptBuildPhase;
			buildActionMask = 2147483647;
			files = (
			);
			inputPaths = (
			);
			name = "[CP] Check Pods Manifest.lock";
			outputPaths = (
			);
			runOnlyForDeploymentPostprocessing = 0;
			shellPath = /bin/sh;
			shellScript = "diff \"${PODS_PODFILE_DIR_PATH}/Podfile.lock\" \"${PODS_ROOT}/Manifest.lock\" > /dev/null\nif [ $? != 0 ] ; then\n    # print error to STDERR\n    echo \"error: The sandbox is not in sync with the Podfile.lock. Run 'pod install' or update your CocoaPods installation.\" >&2\n    exit 1\nfi\n";
			showEnvVarsInLog = 0;
		};
/* End PBXShellScriptBuildPhase section */

/* Begin PBXSourcesBuildPhase section */
		4D6D8FC31C60E35800003AA0 /* Sources */ = {
			isa = PBXSourcesBuildPhase;
			buildActionMask = 2147483647;
			files = (
				413313D01F46E40400027D2B /* YDBluetoothWebViewMgr+DB.m in Sources */,
				412B188D1F46819100028F3B /* YDBluetoothWebViewMgr.m in Sources */,
				413313DD1F46F6E700027D2B /* YDBluetoothWebViewMgr+Tel.m in Sources */,
				412B18871F467F5400028F3B /* YDWebNoNetworkView.m in Sources */,
				412B184E1F467E3A00028F3B /* YDBlueToothMgr.m in Sources */,
				4182B02E1F45E1B7001A86EC /* CWStatusBarNotification.m in Sources */,
				411ED0D51F308B7C0041909A /* ViewController.h in Sources */,
				4182B0341F45E1B7001A86EC /* YDBluetoothWebViewMgr+Time.m in Sources */,
				4182B0361F45E1B7001A86EC /* YDPeripheralInfo.m in Sources */,
				412B18821F467F5400028F3B /* YDBridgeWebMgr.m in Sources */,
				412B18851F467F5400028F3B /* YDMBaseViewController.m in Sources */,
				4182B02D1F45E1B7001A86EC /* CBService+YYModel.m in Sources */,
				412B18901F4681A700028F3B /* YDBluetoothWebViewMgr+WriteDatas.m in Sources */,
				4D6D8FD21C60E35800003AA0 /* ViewController.m in Sources */,
				4D6D8FCF1C60E35800003AA0 /* AppDelegate.m in Sources */,
				412B18801F467F5400028F3B /* UIViewController+YDViewController.m in Sources */,
				413313CD1F46BA7900027D2B /* YDBluetoothWebViewMgr+ReadDatas.m in Sources */,
				412B18831F467F5400028F3B /* YDBridgeWebView.m in Sources */,
				4182B0311F45E1B7001A86EC /* YDBluetoothWebViewMgr+Extension.m in Sources */,
				4182B0301F45E1B7001A86EC /* NSString+YDContainsString.m in Sources */,
				4182B0351F45E1B7001A86EC /* YDConstants.m in Sources */,
				4182B02F1F45E1B7001A86EC /* NSData+YDConversion.m in Sources */,
				4182B0321F45E1B7001A86EC /* YDBluetoothWebViewMgr+HtmlReigsterMothods.m in Sources */,
				412B18841F467F5400028F3B /* YDBridgeWebViewController.m in Sources */,
				4D6D8FCC1C60E35800003AA0 /* main.m in Sources */,
				412B187F1F467F5400028F3B /* UIViewController+YDNavigation.m in Sources */,
			);
			runOnlyForDeploymentPostprocessing = 0;
		};
		4D6D8FDC1C60E35900003AA0 /* Sources */ = {
			isa = PBXSourcesBuildPhase;
			buildActionMask = 2147483647;
			files = (
				41E8C47C1F415E6700C91C8D /* YDHtmlInteractiveTest.m in Sources */,
				4D6D8FE51C60E35900003AA0 /* YDOpenHardwareSimpleTests.m in Sources */,
				41E8C47F1F41728400C91C8D /* YDDatabaseTest.m in Sources */,
			);
			runOnlyForDeploymentPostprocessing = 0;
		};
		4D6D8FE71C60E35900003AA0 /* Sources */ = {
			isa = PBXSourcesBuildPhase;
			buildActionMask = 2147483647;
			files = (
				4D6D8FF01C60E35900003AA0 /* YDOpenHardwareSimpleUITests.m in Sources */,
			);
			runOnlyForDeploymentPostprocessing = 0;
		};
/* End PBXSourcesBuildPhase section */

/* Begin PBXTargetDependency section */
		4D6D8FE21C60E35900003AA0 /* PBXTargetDependency */ = {
			isa = PBXTargetDependency;
			target = 4D6D8FC61C60E35800003AA0 /* YDOpenHardwareSimple */;
			targetProxy = 4D6D8FE11C60E35900003AA0 /* PBXContainerItemProxy */;
		};
		4D6D8FED1C60E35900003AA0 /* PBXTargetDependency */ = {
			isa = PBXTargetDependency;
			target = 4D6D8FC61C60E35800003AA0 /* YDOpenHardwareSimple */;
			targetProxy = 4D6D8FEC1C60E35900003AA0 /* PBXContainerItemProxy */;
		};
/* End PBXTargetDependency section */

/* Begin PBXVariantGroup section */
		4D6D8FD31C60E35800003AA0 /* Main.storyboard */ = {
			isa = PBXVariantGroup;
			children = (
				4D6D8FD41C60E35800003AA0 /* Base */,
			);
			name = Main.storyboard;
			sourceTree = "<group>";
		};
		4D6D8FD81C60E35900003AA0 /* LaunchScreen.storyboard */ = {
			isa = PBXVariantGroup;
			children = (
				4D6D8FD91C60E35900003AA0 /* Base */,
			);
			name = LaunchScreen.storyboard;
			sourceTree = "<group>";
		};
/* End PBXVariantGroup section */

/* Begin XCBuildConfiguration section */
		4D6D8FF21C60E35900003AA0 /* Debug */ = {
			isa = XCBuildConfiguration;
			buildSettings = {
				ALWAYS_SEARCH_USER_PATHS = NO;
				CLANG_CXX_LANGUAGE_STANDARD = "gnu++0x";
				CLANG_CXX_LIBRARY = "libc++";
				CLANG_ENABLE_MODULES = YES;
				CLANG_ENABLE_OBJC_ARC = YES;
				CLANG_WARN_BOOL_CONVERSION = YES;
				CLANG_WARN_CONSTANT_CONVERSION = YES;
				CLANG_WARN_DIRECT_OBJC_ISA_USAGE = YES_ERROR;
				CLANG_WARN_EMPTY_BODY = YES;
				CLANG_WARN_ENUM_CONVERSION = YES;
				CLANG_WARN_INT_CONVERSION = YES;
				CLANG_WARN_OBJC_ROOT_CLASS = YES_ERROR;
				CLANG_WARN_UNREACHABLE_CODE = YES;
				CLANG_WARN__DUPLICATE_METHOD_MATCH = YES;
				CODE_SIGN_IDENTITY = "iPhone Developer";
				"CODE_SIGN_IDENTITY[sdk=iphoneos*]" = "iPhone Developer";
				COPY_PHASE_STRIP = NO;
				DEBUG_INFORMATION_FORMAT = dwarf;
				ENABLE_STRICT_OBJC_MSGSEND = YES;
				ENABLE_TESTABILITY = YES;
				GCC_C_LANGUAGE_STANDARD = gnu99;
				GCC_DYNAMIC_NO_PIC = NO;
				GCC_NO_COMMON_BLOCKS = YES;
				GCC_OPTIMIZATION_LEVEL = 0;
				GCC_PREPROCESSOR_DEFINITIONS = (
					"DEBUG=1",
					"$(inherited)",
				);
				GCC_WARN_64_TO_32_BIT_CONVERSION = YES;
				GCC_WARN_ABOUT_RETURN_TYPE = YES_ERROR;
				GCC_WARN_UNDECLARED_SELECTOR = YES;
				GCC_WARN_UNINITIALIZED_AUTOS = YES_AGGRESSIVE;
				GCC_WARN_UNUSED_FUNCTION = YES;
				GCC_WARN_UNUSED_VARIABLE = YES;
				IPHONEOS_DEPLOYMENT_TARGET = 9.2;
				MTL_ENABLE_DEBUG_INFO = YES;
				ONLY_ACTIVE_ARCH = YES;
				SDKROOT = iphoneos;
				TARGETED_DEVICE_FAMILY = "1,2";
			};
			name = Debug;
		};
		4D6D8FF31C60E35900003AA0 /* Release */ = {
			isa = XCBuildConfiguration;
			buildSettings = {
				ALWAYS_SEARCH_USER_PATHS = NO;
				CLANG_CXX_LANGUAGE_STANDARD = "gnu++0x";
				CLANG_CXX_LIBRARY = "libc++";
				CLANG_ENABLE_MODULES = YES;
				CLANG_ENABLE_OBJC_ARC = YES;
				CLANG_WARN_BOOL_CONVERSION = YES;
				CLANG_WARN_CONSTANT_CONVERSION = YES;
				CLANG_WARN_DIRECT_OBJC_ISA_USAGE = YES_ERROR;
				CLANG_WARN_EMPTY_BODY = YES;
				CLANG_WARN_ENUM_CONVERSION = YES;
				CLANG_WARN_INT_CONVERSION = YES;
				CLANG_WARN_OBJC_ROOT_CLASS = YES_ERROR;
				CLANG_WARN_UNREACHABLE_CODE = YES;
				CLANG_WARN__DUPLICATE_METHOD_MATCH = YES;
				CODE_SIGN_IDENTITY = "iPhone Developer";
				"CODE_SIGN_IDENTITY[sdk=iphoneos*]" = "iPhone Developer";
				COPY_PHASE_STRIP = NO;
				DEBUG_INFORMATION_FORMAT = "dwarf-with-dsym";
				ENABLE_NS_ASSERTIONS = NO;
				ENABLE_STRICT_OBJC_MSGSEND = YES;
				GCC_C_LANGUAGE_STANDARD = gnu99;
				GCC_NO_COMMON_BLOCKS = YES;
				GCC_WARN_64_TO_32_BIT_CONVERSION = YES;
				GCC_WARN_ABOUT_RETURN_TYPE = YES_ERROR;
				GCC_WARN_UNDECLARED_SELECTOR = YES;
				GCC_WARN_UNINITIALIZED_AUTOS = YES_AGGRESSIVE;
				GCC_WARN_UNUSED_FUNCTION = YES;
				GCC_WARN_UNUSED_VARIABLE = YES;
				IPHONEOS_DEPLOYMENT_TARGET = 9.2;
				MTL_ENABLE_DEBUG_INFO = NO;
				SDKROOT = iphoneos;
				TARGETED_DEVICE_FAMILY = "1,2";
				VALIDATE_PRODUCT = YES;
			};
			name = Release;
		};
		4D6D8FF51C60E35900003AA0 /* Debug */ = {
			isa = XCBuildConfiguration;
			baseConfigurationReference = 203E60A830441E97B860412C /* Pods-YDOpenHardwareSimple.debug.xcconfig */;
			buildSettings = {
				ASSETCATALOG_COMPILER_APPICON_NAME = AppIcon;
				ASSETCATALOG_COMPILER_LAUNCHIMAGE_NAME = LaunchImage;
				CODE_SIGN_IDENTITY = "iPhone Developer";
				DEVELOPMENT_TEAM = 2ERYNAFK87;
				FRAMEWORK_SEARCH_PATHS = (
					"$(PROJECT_DIR)/YDOpenHardwareSimple",
					"$(PROJECT_DIR)/YDOpenHardwareSimple/Framework",
				);
				HEADER_SEARCH_PATHS = "";
				INFOPLIST_FILE = YDOpenHardwareSimple/Info.plist;
				IPHONEOS_DEPLOYMENT_TARGET = 7.0;
				LD_RUNPATH_SEARCH_PATHS = "$(inherited) @executable_path/Frameworks";
				OTHER_LDFLAGS = (
					"$(inherited)",
					"-ObjC",
					"-framework",
					YDOpenHardwareCore,
					"-framework",
					YDOpenHardwareSDK,
				);
				PRODUCT_BUNDLE_IDENTIFIER = com.sport.yuedong;
				PRODUCT_NAME = "$(TARGET_NAME)";
				PROVISIONING_PROFILE = "5a931646-0f99-495f-b9dc-f7f4d7b9bb34";
				PROVISIONING_PROFILE_SPECIFIER = dev_sp;
				TARGETED_DEVICE_FAMILY = "1,2";
			};
			name = Debug;
		};
		4D6D8FF61C60E35900003AA0 /* Release */ = {
			isa = XCBuildConfiguration;
			baseConfigurationReference = 5356DB0B1890D9BD48637937 /* Pods-YDOpenHardwareSimple.release.xcconfig */;
			buildSettings = {
				ASSETCATALOG_COMPILER_APPICON_NAME = AppIcon;
				ASSETCATALOG_COMPILER_LAUNCHIMAGE_NAME = LaunchImage;
				CODE_SIGN_IDENTITY = "iPhone Developer";
				DEVELOPMENT_TEAM = 2ERYNAFK87;
				FRAMEWORK_SEARCH_PATHS = (
					"$(PROJECT_DIR)/YDOpenHardwareSimple",
					"$(PROJECT_DIR)/YDOpenHardwareSimple/Framework",
				);
				HEADER_SEARCH_PATHS = "";
				INFOPLIST_FILE = YDOpenHardwareSimple/Info.plist;
				IPHONEOS_DEPLOYMENT_TARGET = 7.0;
				LD_RUNPATH_SEARCH_PATHS = "$(inherited) @executable_path/Frameworks";
				OTHER_LDFLAGS = (
					"$(inherited)",
					"-ObjC",
					"-framework",
					YDOpenHardwareCore,
					"-framework",
					YDOpenHardwareSDK,
				);
				PRODUCT_BUNDLE_IDENTIFIER = com.sport.yuedong;
				PRODUCT_NAME = "$(TARGET_NAME)";
				PROVISIONING_PROFILE = "5a931646-0f99-495f-b9dc-f7f4d7b9bb34";
				PROVISIONING_PROFILE_SPECIFIER = dev_sp;
				TARGETED_DEVICE_FAMILY = "1,2";
			};
			name = Release;
		};
		4D6D8FF81C60E35900003AA0 /* Debug */ = {
			isa = XCBuildConfiguration;
			baseConfigurationReference = 2F1AFCFF58DC1882D940A5DC /* Pods-YDOpenHardwareSimpleTests.debug.xcconfig */;
			buildSettings = {
				BUNDLE_LOADER = "$(TEST_HOST)";
				INFOPLIST_FILE = YDOpenHardwareSimpleTests/Info.plist;
				LD_RUNPATH_SEARCH_PATHS = "$(inherited) @executable_path/Frameworks @loader_path/Frameworks";
				PRODUCT_BUNDLE_IDENTIFIER = com.sport.yuedong.YDOpenHardwareSimpleTests;
				PRODUCT_NAME = "$(TARGET_NAME)";
				TEST_HOST = "$(BUILT_PRODUCTS_DIR)/YDOpenHardwareSimple.app/YDOpenHardwareSimple";
			};
			name = Debug;
		};
		4D6D8FF91C60E35900003AA0 /* Release */ = {
			isa = XCBuildConfiguration;
			baseConfigurationReference = E6CA65630BF32A71DE9F9185 /* Pods-YDOpenHardwareSimpleTests.release.xcconfig */;
			buildSettings = {
				BUNDLE_LOADER = "$(TEST_HOST)";
				INFOPLIST_FILE = YDOpenHardwareSimpleTests/Info.plist;
				LD_RUNPATH_SEARCH_PATHS = "$(inherited) @executable_path/Frameworks @loader_path/Frameworks";
				PRODUCT_BUNDLE_IDENTIFIER = com.sport.yuedong.YDOpenHardwareSimpleTests;
				PRODUCT_NAME = "$(TARGET_NAME)";
				TEST_HOST = "$(BUILT_PRODUCTS_DIR)/YDOpenHardwareSimple.app/YDOpenHardwareSimple";
			};
			name = Release;
		};
		4D6D8FFB1C60E35900003AA0 /* Debug */ = {
			isa = XCBuildConfiguration;
			baseConfigurationReference = 9CEF731D04C61A03A37784B8 /* Pods-YDOpenHardwareSimpleUITests.debug.xcconfig */;
			buildSettings = {
				INFOPLIST_FILE = YDOpenHardwareSimpleUITests/Info.plist;
				LD_RUNPATH_SEARCH_PATHS = "$(inherited) @executable_path/Frameworks @loader_path/Frameworks";
				PRODUCT_BUNDLE_IDENTIFIER = com.sport.yuedong.YDOpenHardwareSimpleUITests;
				PRODUCT_NAME = "$(TARGET_NAME)";
				TEST_TARGET_NAME = YDOpenHardwareSimple;
				USES_XCTRUNNER = YES;
			};
			name = Debug;
		};
		4D6D8FFC1C60E35900003AA0 /* Release */ = {
			isa = XCBuildConfiguration;
			baseConfigurationReference = 80DC7CEA71F6A7E0D11A7DC2 /* Pods-YDOpenHardwareSimpleUITests.release.xcconfig */;
			buildSettings = {
				INFOPLIST_FILE = YDOpenHardwareSimpleUITests/Info.plist;
				LD_RUNPATH_SEARCH_PATHS = "$(inherited) @executable_path/Frameworks @loader_path/Frameworks";
				PRODUCT_BUNDLE_IDENTIFIER = com.sport.yuedong.YDOpenHardwareSimpleUITests;
				PRODUCT_NAME = "$(TARGET_NAME)";
				TEST_TARGET_NAME = YDOpenHardwareSimple;
				USES_XCTRUNNER = YES;
			};
			name = Release;
		};
/* End XCBuildConfiguration section */

/* Begin XCConfigurationList section */
		4D6D8FC21C60E35800003AA0 /* Build configuration list for PBXProject "_YDBridgeWebViewController" */ = {
			isa = XCConfigurationList;
			buildConfigurations = (
				4D6D8FF21C60E35900003AA0 /* Debug */,
				4D6D8FF31C60E35900003AA0 /* Release */,
			);
			defaultConfigurationIsVisible = 0;
			defaultConfigurationName = Release;
		};
		4D6D8FF41C60E35900003AA0 /* Build configuration list for PBXNativeTarget "YDOpenHardwareSimple" */ = {
			isa = XCConfigurationList;
			buildConfigurations = (
				4D6D8FF51C60E35900003AA0 /* Debug */,
				4D6D8FF61C60E35900003AA0 /* Release */,
			);
			defaultConfigurationIsVisible = 0;
			defaultConfigurationName = Release;
		};
		4D6D8FF71C60E35900003AA0 /* Build configuration list for PBXNativeTarget "YDOpenHardwareSimpleTests" */ = {
			isa = XCConfigurationList;
			buildConfigurations = (
				4D6D8FF81C60E35900003AA0 /* Debug */,
				4D6D8FF91C60E35900003AA0 /* Release */,
			);
			defaultConfigurationIsVisible = 0;
			defaultConfigurationName = Release;
		};
		4D6D8FFA1C60E35900003AA0 /* Build configuration list for PBXNativeTarget "YDOpenHardwareSimpleUITests" */ = {
			isa = XCConfigurationList;
			buildConfigurations = (
				4D6D8FFB1C60E35900003AA0 /* Debug */,
				4D6D8FFC1C60E35900003AA0 /* Release */,
			);
			defaultConfigurationIsVisible = 0;
			defaultConfigurationName = Release;
		};
/* End XCConfigurationList section */
	};
	rootObject = 4D6D8FBF1C60E35800003AA0 /* Project object */;
}
